{
    "_readme": [
        "This file locks the dependencies of your project to a known state",
        "Read more about it at http://getcomposer.org/doc/01-basic-usage.md#composer-lock-the-lock-file",
        "This file is @generated automatically"
    ],
    "hash": "aa80624960cf129c02bd573cf8321f7b",
    "packages": [
        {
            "name": "composer/installers",
            "version": "v1.0.21",
            "source": {
                "type": "git",
                "url": "https://github.com/composer/installers.git",
                "reference": "d64e23fce42a4063d63262b19b8e7c0f3b5e4c45"
            },
            "dist": {
                "type": "zip",
                "url": "https://api.github.com/repos/composer/installers/zipball/d64e23fce42a4063d63262b19b8e7c0f3b5e4c45",
                "reference": "d64e23fce42a4063d63262b19b8e7c0f3b5e4c45",
                "shasum": ""
            },
            "replace": {
                "roundcube/plugin-installer": "*",
                "shama/baton": "*"
            },
            "require-dev": {
                "composer/composer": "1.0.*@dev",
                "phpunit/phpunit": "4.1.*"
            },
            "type": "composer-installer",
            "extra": {
                "class": "Composer\\Installers\\Installer",
                "branch-alias": {
                    "dev-master": "1.0-dev"
                }
            },
            "autoload": {
                "psr-0": {
                    "Composer\\Installers\\": "src/"
                }
            },
            "notification-url": "https://packagist.org/downloads/",
            "license": [
                "MIT"
            ],
            "authors": [
                {
                    "name": "Kyle Robinson Young",
                    "email": "kyle@dontkry.com",
                    "homepage": "https://github.com/shama"
                }
            ],
            "description": "A multi-framework Composer library installer",
            "homepage": "http://composer.github.com/installers/",
            "keywords": [
                "Craft",
                "Dolibarr",
                "Hurad",
                "MODX Evo",
                "OXID",
                "SMF",
                "Thelia",
                "WolfCMS",
                "agl",
                "aimeos",
                "annotatecms",
                "bitrix",
                "cakephp",
                "chef",
                "codeigniter",
                "concrete5",
                "croogo",
                "dokuwiki",
                "drupal",
                "elgg",
                "fuelphp",
                "grav",
                "installer",
                "joomla",
                "kohana",
                "laravel",
                "lithium",
                "magento",
                "mako",
                "mediawiki",
                "modulework",
                "moodle",
                "phpbb",
                "piwik",
                "ppi",
                "puppet",
                "roundcube",
                "shopware",
                "silverstripe",
                "symfony",
                "typo3",
                "wordpress",
                "zend",
                "zikula"
            ],
            "time": "2015-02-18 17:17:01"
        },
        {
            "name": "data-values/common",
            "version": "0.2.3",
            "source": {
                "type": "git",
                "url": "https://github.com/DataValues/Common.git",
                "reference": "c9f4dfd8af6337eb097d722b27fa76fa58dd441a"
            },
            "dist": {
                "type": "zip",
                "url": "https://api.github.com/repos/DataValues/Common/zipball/c9f4dfd8af6337eb097d722b27fa76fa58dd441a",
                "reference": "c9f4dfd8af6337eb097d722b27fa76fa58dd441a",
                "shasum": ""
            },
            "require": {
                "data-values/data-values": "~1.0|~0.1",
                "data-values/interfaces": "~0.1.4",
                "php": ">=5.3.0"
            },
            "type": "library",
            "extra": {
                "branch-alias": {
                    "dev-master": "0.2.x-dev"
                }
            },
            "autoload": {
                "files": [
                    "Common.php"
                ],
                "psr-0": {
                    "DataValues\\": "src",
                    "ValueFormatters\\": "src",
                    "ValueParsers\\": "src"
                },
                "classmap": [
                    "tests/ValueParsers"
                ]
            },
            "notification-url": "https://packagist.org/downloads/",
            "license": [
                "GPL-2.0+"
            ],
            "authors": [
                {
                    "name": "Jeroen De Dauw",
                    "email": "jeroendedauw@gmail.com",
                    "homepage": "http://jeroendedauw.com",
                    "role": "Developer"
                }
            ],
            "description": "Contains common implementations of the interfaces defined by DataValuesInterfaces",
            "homepage": "https://github.com/DataValues/Common",
            "keywords": [
                "datavalues",
                "valueformatters",
                "valueparsers",
                "valuevalidators",
                "wikidata"
            ],
            "time": "2014-10-09 18:21:19"
        },
        {
            "name": "data-values/data-types",
            "version": "0.4.1",
            "source": {
                "type": "git",
                "url": "https://github.com/wmde/DataTypes.git",
                "reference": "68675f39f8ba310e284dec6e600855b014c57950"
            },
            "dist": {
                "type": "zip",
                "url": "https://api.github.com/repos/wmde/DataTypes/zipball/68675f39f8ba310e284dec6e600855b014c57950",
                "reference": "68675f39f8ba310e284dec6e600855b014c57950",
                "shasum": ""
            },
            "require": {
                "php": ">=5.3.0"
            },
            "type": "library",
            "autoload": {
                "files": [
                    "DataTypes.php"
                ],
                "psr-4": {
                    "DataTypes\\": "src/"
                }
            },
            "notification-url": "https://packagist.org/downloads/",
            "license": [
                "GPL-2.0+"
            ],
            "authors": [
                {
                    "name": "Jeroen De Dauw",
                    "email": "jeroendedauw@gmail.com",
                    "homepage": "http://jeroendedauw.com",
                    "role": "Developer"
                }
            ],
            "description": "PHP library defining the DataTypes\\DataType class of which instances represent a type of value, such as \"positive integer\" or \"percentage\".",
            "homepage": "https://github.com/wmde/DataTypes",
            "keywords": [
                "datatypes",
                "datavalues"
            ],
            "time": "2014-11-18 15:51:40"
        },
        {
            "name": "data-values/data-values",
            "version": "1.0.0",
            "source": {
                "type": "git",
                "url": "https://github.com/DataValues/DataValues.git",
                "reference": "de2b9abdbc26c4c393b25aa621619dfe3fc10fdc"
            },
            "dist": {
                "type": "zip",
                "url": "https://api.github.com/repos/DataValues/DataValues/zipball/de2b9abdbc26c4c393b25aa621619dfe3fc10fdc",
                "reference": "de2b9abdbc26c4c393b25aa621619dfe3fc10fdc",
                "shasum": ""
            },
            "require": {
                "php": ">=5.3.0"
            },
            "replace": {
                "mediawiki/data-values": "*"
            },
            "type": "library",
            "extra": {
                "branch-alias": {
                    "dev-master": "1.0.x-dev"
                }
            },
            "autoload": {
                "files": [
                    "DataValues.php"
                ],
                "classmap": [
                    "src/interfaces",
                    "tests/phpunit/DataValueTest.php"
                ],
                "psr-0": {
                    "DataValues\\": "src/"
                }
            },
            "notification-url": "https://packagist.org/downloads/",
            "license": [
                "GPL-2.0+"
            ],
            "authors": [
                {
                    "name": "Jeroen De Dauw",
                    "email": "jeroendedauw@gmail.com",
                    "homepage": "http://jeroendedauw.com",
                    "role": "Developer"
                }
            ],
            "description": "Defines the DataValue interface and some trivial implementations",
            "homepage": "https://github.com/DataValues/DataValues",
            "keywords": [
                "datavalues",
                "wikibase",
                "wikidata"
            ],
            "time": "2014-09-26 07:02:27"
        },
        {
            "name": "data-values/geo",
            "version": "1.1.4",
            "source": {
                "type": "git",
                "url": "https://github.com/DataValues/Geo.git",
                "reference": "e7222bc743ae05bfc5213cb1e20150aa772d8668"
            },
            "dist": {
                "type": "zip",
                "url": "https://api.github.com/repos/DataValues/Geo/zipball/e7222bc743ae05bfc5213cb1e20150aa772d8668",
                "reference": "e7222bc743ae05bfc5213cb1e20150aa772d8668",
                "shasum": ""
            },
            "require": {
                "data-values/common": "~0.1",
                "data-values/data-values": "~1.0|~0.1",
                "data-values/interfaces": "~0.1",
                "php": ">=5.3.0"
            },
            "type": "library",
            "extra": {
                "branch-alias": {
                    "dev-master": "1.1.x-dev"
                }
            },
            "autoload": {
                "files": [
                    "Geo.php"
                ],
                "psr-4": {
                    "DataValues\\Geo\\": "src"
                }
            },
            "notification-url": "https://packagist.org/downloads/",
            "license": [
                "GPL-2.0+"
            ],
            "authors": [
                {
                    "name": "Jeroen De Dauw",
                    "email": "jeroendedauw@gmail.com",
                    "homepage": "http://jeroendedauw.com",
                    "role": "Developer"
                },
                {
                    "name": "The Wikidata team",
                    "role": "Developer"
                }
            ],
            "description": "Geographical value objects, parsers and formatters",
            "homepage": "https://github.com/DataValues/Geo",
            "keywords": [
                "datavalues",
                "formatters",
                "geo",
                "geographical",
                "latlong",
                "parsers",
                "wikidata"
            ],
            "time": "2014-11-25 16:48:57"
        },
        {
            "name": "data-values/interfaces",
            "version": "0.1.5",
            "source": {
                "type": "git",
                "url": "https://github.com/DataValues/Interfaces.git",
                "reference": "f563e6a55547046070e3d79b5662b620005558d8"
            },
            "dist": {
                "type": "zip",
                "url": "https://api.github.com/repos/DataValues/Interfaces/zipball/f563e6a55547046070e3d79b5662b620005558d8",
                "reference": "f563e6a55547046070e3d79b5662b620005558d8",
                "shasum": ""
            },
            "require": {
                "php": ">=5.3.0"
            },
            "type": "library",
            "autoload": {
                "files": [
                    "Interfaces.php"
                ],
                "psr-0": {
                    "ValueFormatters\\": "src",
                    "ValueParsers\\": "src",
                    "ValueValidators\\": "src"
                },
                "classmap": [
                    "tests/ValueFormatters/ValueFormatterTestBase.php"
                ]
            },
            "notification-url": "https://packagist.org/downloads/",
            "license": [
                "GPL-2.0+"
            ],
            "authors": [
                {
                    "name": "Jeroen De Dauw",
                    "email": "jeroendedauw@gmail.com",
                    "homepage": "http://jeroendedauw.com",
                    "role": "Developer"
                }
            ],
            "description": "Defines interfaces for ValueParsers, ValueFormatters and ValueValidators",
            "homepage": "https://github.com/DataValues/Interfaces",
            "keywords": [
                "datavalues",
                "valueformatters",
                "valueparsers",
                "valuevalidators",
                "wikidata"
            ],
            "time": "2015-02-14 02:37:02"
        },
        {
            "name": "data-values/javascript",
            "version": "0.6.3",
            "source": {
                "type": "git",
                "url": "https://github.com/wmde/DataValuesJavascript.git",
                "reference": "d82d54b6ead5679f6c88b8d085e2ccad4c952a9b"
            },
            "dist": {
                "type": "zip",
                "url": "https://api.github.com/repos/wmde/DataValuesJavascript/zipball/d82d54b6ead5679f6c88b8d085e2ccad4c952a9b",
                "reference": "d82d54b6ead5679f6c88b8d085e2ccad4c952a9b",
                "shasum": ""
            },
            "require": {
                "composer/installers": ">=1.0.1"
            },
            "type": "library",
            "autoload": {
                "files": [
                    "DataValuesJavascript.php"
                ]
            },
            "notification-url": "https://packagist.org/downloads/",
            "license": [
                "GPL-2.0+"
            ],
            "authors": [
                {
                    "name": "Jeroen De Dauw",
                    "email": "jeroendedauw@gmail.com",
                    "homepage": "http://jeroendedauw.com"
                },
                {
                    "name": "Daniel Werner",
                    "homepage": "https://www.mediawiki.org/wiki/User:Danwe"
                },
                {
                    "name": "H. Snater",
                    "homepage": "http://www.snater.com"
                }
            ],
            "description": "DataValues implementation in Javascript",
            "keywords": [
                "datavalues",
                "wikidata"
            ],
            "time": "2015-04-01 09:36:12"
        },
        {
            "name": "data-values/number",
            "version": "0.4.1",
            "source": {
                "type": "git",
                "url": "https://github.com/DataValues/Number.git",
                "reference": "6b5da7bcda5fa7ed1638c9ef7389e9a30d182f47"
            },
            "dist": {
                "type": "zip",
                "url": "https://api.github.com/repos/DataValues/Number/zipball/6b5da7bcda5fa7ed1638c9ef7389e9a30d182f47",
                "reference": "6b5da7bcda5fa7ed1638c9ef7389e9a30d182f47",
                "shasum": ""
            },
            "require": {
                "data-values/common": "~0.2",
                "data-values/data-values": "~1.0|~0.1",
                "data-values/interfaces": "~0.1",
                "php": ">=5.3.0"
            },
            "type": "library",
            "autoload": {
                "files": [
                    "Number.php"
                ],
                "psr-0": {
                    "DataValues\\": "src",
                    "ValueFormatters\\": "src",
                    "ValueParsers\\": "src"
                }
            },
            "notification-url": "https://packagist.org/downloads/",
            "license": [
                "GPL-2.0+"
            ],
            "authors": [
                {
                    "name": "Daniel Kinzler"
                }
            ],
            "description": "Numerical value objects, parsers and formatters",
            "homepage": "https://github.com/DataValues/Number",
            "keywords": [
                "datavalues",
                "number",
                "valueformatters",
                "valueparsers",
                "wikidata"
            ],
            "time": "2014-10-09 19:14:53"
        },
        {
            "name": "data-values/serialization",
            "version": "1.0.2",
            "source": {
                "type": "git",
                "url": "https://github.com/DataValues/Serialization.git",
                "reference": "f51978a1abb9c97c83bbfea351ce94c8499c7988"
            },
            "dist": {
                "type": "zip",
                "url": "https://api.github.com/repos/DataValues/Serialization/zipball/f51978a1abb9c97c83bbfea351ce94c8499c7988",
                "reference": "f51978a1abb9c97c83bbfea351ce94c8499c7988",
                "shasum": ""
            },
            "require": {
                "data-values/data-values": "~1.0|~0.1",
                "php": ">=5.3.0",
                "serialization/serialization": "~3.0"
            },
            "type": "library",
            "extra": {
                "branch-alias": {
                    "dev-master": "1.0.x-dev"
                }
            },
            "autoload": {
                "psr-4": {
                    "DataValues\\Serializers\\": "src/Serializers",
                    "DataValues\\Deserializers\\": "src/Deserializers"
                }
            },
            "notification-url": "https://packagist.org/downloads/",
            "license": [
                "GPL-2.0+"
            ],
            "authors": [
                {
                    "name": "Jeroen De Dauw",
                    "email": "jeroendedauw@gmail.com",
                    "homepage": "http://jeroendedauw.com",
                    "role": "Developer"
                }
            ],
            "description": "Serializers and deserializers for DataValue implementations",
            "homepage": "https://github.com/DataValues/Serialization",
            "keywords": [
                "datavalues",
                "deserializers",
                "serialization",
                "serializers",
                "wikidata"
            ],
            "time": "2014-10-10 07:51:44"
        },
        {
            "name": "data-values/time",
            "version": "0.6.1",
            "source": {
                "type": "git",
                "url": "https://github.com/DataValues/Time.git",
                "reference": "d0758c091d3c4d5f44825f311e6f526291bf7298"
            },
            "dist": {
                "type": "zip",
                "url": "https://api.github.com/repos/DataValues/Time/zipball/d0758c091d3c4d5f44825f311e6f526291bf7298",
                "reference": "d0758c091d3c4d5f44825f311e6f526291bf7298",
                "shasum": ""
            },
            "require": {
                "data-values/common": "~0.2.0",
                "data-values/data-values": "~1.0|~0.1",
                "data-values/interfaces": "~0.1.4",
                "php": ">=5.3.0"
            },
            "type": "library",
            "extra": {
                "branch-alias": {
                    "dev-master": "0.6.x-dev"
                }
            },
            "autoload": {
                "files": [
                    "Time.php"
                ],
                "psr-0": {
                    "DataValues\\": "src",
                    "ValueFormatters\\": "src",
                    "ValueParsers\\": "src"
                }
            },
            "notification-url": "https://packagist.org/downloads/",
            "license": [
                "GPL-2.0+"
            ],
            "authors": [
                {
                    "name": "The Wikidata team",
                    "role": "Developer"
                }
            ],
            "description": "Time value objects, parsers and formatters",
            "homepage": "https://github.com/DataValues/Time",
            "keywords": [
                "datavalues",
                "time",
                "valueformatters",
                "valueparsers",
                "wikidata"
            ],
            "time": "2014-10-09 19:09:29"
        },
        {
            "name": "data-values/validators",
            "version": "0.1.2",
            "source": {
                "type": "git",
                "url": "https://github.com/DataValues/Validators.git",
                "reference": "726f54fdc6bf58aa4f5405ae3d9c3f2b0f916141"
            },
            "dist": {
                "type": "zip",
                "url": "https://api.github.com/repos/DataValues/Validators/zipball/726f54fdc6bf58aa4f5405ae3d9c3f2b0f916141",
                "reference": "726f54fdc6bf58aa4f5405ae3d9c3f2b0f916141",
                "shasum": ""
            },
            "require": {
                "data-values/data-values": "~1.0|~0.1",
                "data-values/interfaces": "~0.1",
                "php": ">=5.3.0"
            },
            "type": "library",
            "extra": {
                "branch-alias": {
                    "dev-master": "0.1.x-dev"
                }
            },
            "autoload": {
                "files": [
                    "Validators.php"
                ],
                "psr-4": {
                    "ValueValidators\\": "src"
                }
            },
            "notification-url": "https://packagist.org/downloads/",
            "license": [
                "GPL-2.0+"
            ],
            "authors": [
                {
                    "name": "Jeroen De Dauw",
                    "email": "jeroendedauw@gmail.com",
                    "homepage": "http://jeroendedauw.com",
                    "role": "Developer"
                },
                {
                    "name": "The Wikidata team",
                    "role": "Developer"
                }
            ],
            "description": "Common ValueValidator implementations",
            "homepage": "https://github.com/DataValues/Validators",
            "keywords": [
                "datavalues",
                "validation",
                "validators",
                "valueformatters",
                "valueparsers",
                "wikidata"
            ],
            "time": "2014-10-09 19:10:23"
        },
        {
            "name": "data-values/value-view",
            "version": "0.14.3",
            "source": {
                "type": "git",
                "url": "https://github.com/wmde/ValueView.git",
                "reference": "1bb0a5ad6e060484e525903c2a170cb4b8dccaac"
            },
            "dist": {
                "type": "zip",
                "url": "https://api.github.com/repos/wmde/ValueView/zipball/1bb0a5ad6e060484e525903c2a170cb4b8dccaac",
                "reference": "1bb0a5ad6e060484e525903c2a170cb4b8dccaac",
                "shasum": ""
            },
            "require": {
                "data-values/javascript": "~0.6.0",
                "php": ">=5.3.0"
            },
            "type": "mediawiki-extension",
            "autoload": {
                "files": [
                    "ValueView.php"
                ]
            },
            "notification-url": "https://packagist.org/downloads/",
            "license": [
                "GPL-2.0+"
            ],
            "authors": [
                {
                    "name": "Daniel Werner",
                    "homepage": "https://www.mediawiki.org/wiki/User:Danwe"
                },
                {
                    "name": "H. Snater",
                    "homepage": "http://www.snater.com"
                }
            ],
            "description": "Provides JS widgets to edit values defined by the DataValues library",
            "homepage": "https://www.mediawiki.org/wiki/Extension:ValueView",
            "time": "2015-04-02 16:24:37"
        },
        {
            "name": "diff/diff",
            "version": "1.0.1",
            "source": {
                "type": "git",
                "url": "https://github.com/wmde/Diff.git",
                "reference": "07f23a7a723bcba69c0b569acefb2f8d8d432c6b"
            },
            "dist": {
                "type": "zip",
                "url": "https://api.github.com/repos/wmde/Diff/zipball/07f23a7a723bcba69c0b569acefb2f8d8d432c6b",
                "reference": "07f23a7a723bcba69c0b569acefb2f8d8d432c6b",
                "shasum": ""
            },
            "require": {
                "php": ">=5.3.0"
            },
            "type": "library",
            "extra": {
                "branch-alias": {
                    "dev-master": "1.0.x-dev"
                }
            },
            "autoload": {
                "files": [
                    "Diff.php"
                ],
                "psr-4": {
                    "Diff\\": "src/"
                }
            },
            "notification-url": "https://packagist.org/downloads/",
            "license": [
                "GPL-2.0+"
            ],
            "authors": [
                {
                    "name": "Jeroen De Dauw",
                    "email": "jeroendedauw@gmail.com",
                    "homepage": "http://jeroendedauw.com",
                    "role": "Developer"
                }
            ],
            "description": "Library for diffing, patching and representing differences between complex objects",
            "homepage": "https://github.com/wmde/Diff",
            "keywords": [
                "diff",
                "diffing",
                "diffop",
                "patching",
                "wikidata"
            ],
            "time": "2014-05-07 16:35:49"
        },
        {
            "name": "propertysuggester/property-suggester",
            "version": "2.1.0",
            "source": {
                "type": "git",
                "url": "https://github.com/Wikidata-lib/PropertySuggester.git",
                "reference": "6aa918d6a9b1131801a16bcf3b121c41f1ec70ab"
            },
            "dist": {
                "type": "zip",
                "url": "https://api.github.com/repos/Wikidata-lib/PropertySuggester/zipball/6aa918d6a9b1131801a16bcf3b121c41f1ec70ab",
                "reference": "6aa918d6a9b1131801a16bcf3b121c41f1ec70ab",
                "shasum": ""
            },
            "require": {
                "php": ">=5.3.0"
            },
            "require-dev": {
                "phpunit/phpunit": "3.7.*",
                "satooshi/php-coveralls": "dev-master"
            },
            "type": "mediawiki-extension",
            "autoload": {
                "psr-4": {
                    "PropertySuggester\\": "src/PropertySuggester/"
                },
                "files": [],
                "classmap": [
                    "PropertySuggesterHooks.php",
                    "maintenance/UpdateTable.php"
                ]
            },
            "notification-url": "https://packagist.org/downloads/",
            "license": [
                "GPL-2.0+"
            ],
            "description": "Extension for Wikibase to provide usefull suggestions for new properties",
            "homepage": "https://github.com/Wikidata-lib/PropertySuggester",
            "keywords": [
                "propertysuggester",
                "wikibase",
                "wikidata"
            ],
            "time": "2015-04-02 09:44:17"
        },
        {
            "name": "serialization/serialization",
            "version": "3.2.1",
            "source": {
                "type": "git",
                "url": "https://github.com/wmde/Serialization.git",
                "reference": "8e06ec58c8f52079942c9cb2f30b2260f62dc1f4"
            },
            "dist": {
                "type": "zip",
                "url": "https://api.github.com/repos/wmde/Serialization/zipball/8e06ec58c8f52079942c9cb2f30b2260f62dc1f4",
                "reference": "8e06ec58c8f52079942c9cb2f30b2260f62dc1f4",
                "shasum": ""
            },
            "require": {
                "php": ">=5.3.0"
            },
            "type": "library",
            "extra": {
                "branch-alias": {
                    "dev-master": "3.2.x-dev"
                }
            },
            "autoload": {
                "files": [
                    "Serialization.php"
                ],
                "psr-4": {
                    "Deserializers\\": "src/Deserializers/",
                    "Serializers\\": "src/Serializers/"
                }
            },
            "notification-url": "https://packagist.org/downloads/",
            "license": [
                "GPL-2.0+"
            ],
            "authors": [
                {
                    "name": "Jeroen De Dauw",
                    "email": "jeroendedauw@gmail.com",
                    "homepage": "http://jeroendedauw.com",
                    "role": "Developer"
                }
            ],
            "description": "Library defining a Serializer and a Deserializer interface and basic utilities",
            "homepage": "https://github.com/wmde/Serialization",
            "keywords": [
                "deserialization",
                "deserializer",
                "serialization",
                "serializer",
                "unserialization",
                "wikidata"
            ],
            "time": "2014-08-19 01:53:31"
        },
        {
            "name": "wikibase/Wikidata.org",
            "version": "dev-master",
            "source": {
                "type": "git",
                "url": "https://github.com/wmde/Wikidata.org.git",
                "reference": "ce48f0e0a1516f84bf8ab1a8381fb62f4f1960bd"
            },
            "dist": {
                "type": "zip",
                "url": "https://api.github.com/repos/wmde/Wikidata.org/zipball/ce48f0e0a1516f84bf8ab1a8381fb62f4f1960bd",
                "reference": "ce48f0e0a1516f84bf8ab1a8381fb62f4f1960bd",
                "shasum": ""
            },
            "require": {
                "php": ">=5.3.0"
            },
            "type": "mediawiki-extension",
            "autoload": {
                "classmap": [
                    "WikidataOrg.hooks.php"
                ]
            },
            "license": [
                "GNU GPL v2+"
            ],
            "authors": [
                {
                    "name": "Bene*",
                    "email": "benestar.wikimedia@gmail.com",
                    "homepage": "https://www.wikidata.org/wiki/User:Bene*",
                    "role": "Developer"
                }
            ],
            "description": "Configuration for and customizations to Wikibase that are specific to wikidata.org",
            "homepage": "https://github.com/wmde/Wikidata.org",
            "keywords": [
                "Wikibase",
                "Wikidata"
            ],
            "support": {
                "irc": "irc://irc.freenode.net/wikidata",
                "source": "https://github.com/wmde/Wikidata.org/tree/master"
            },
            "time": "2015-03-24 16:36:10"
        },
        {
            "name": "wikibase/data-model",
            "version": "2.6.0",
            "source": {
                "type": "git",
                "url": "https://github.com/wmde/WikibaseDataModel.git",
                "reference": "e9d9e8ff37d50227ab3082bb1c15f20584dfa5fd"
            },
            "dist": {
                "type": "zip",
                "url": "https://api.github.com/repos/wmde/WikibaseDataModel/zipball/e9d9e8ff37d50227ab3082bb1c15f20584dfa5fd",
                "reference": "e9d9e8ff37d50227ab3082bb1c15f20584dfa5fd",
                "shasum": ""
            },
            "require": {
                "data-values/data-values": "~0.1|~1.0",
                "diff/diff": "~1.0",
                "php": ">=5.3.0"
            },
            "require-dev": {
                "squizlabs/php_codesniffer": "~2.1"
            },
            "type": "library",
            "extra": {
                "branch-alias": {
                    "dev-master": "2.6.x-dev"
                }
            },
            "autoload": {
                "files": [
                    "WikibaseDataModel.php"
                ],
                "psr-4": {
                    "Wikibase\\DataModel\\": "src/"
                }
            },
            "notification-url": "https://packagist.org/downloads/",
            "license": [
                "GPL-2.0+"
            ],
            "authors": [
                {
                    "name": "Thiemo Mättig"
                },
                {
                    "name": "Jeroen De Dauw",
                    "email": "jeroendedauw@gmail.com",
                    "homepage": "http://jeroendedauw.com"
                }
            ],
            "description": "PHP implementation of the Wikibase DataModel",
            "homepage": "https://github.com/wmde/WikibaseDataModel",
            "keywords": [
                "DataModel",
                "wikibase",
                "wikidata"
            ],
            "time": "2015-03-09 12:08:31"
        },
        {
            "name": "wikibase/data-model-javascript",
            "version": "1.0.1",
            "source": {
                "type": "git",
                "url": "https://github.com/wmde/WikibaseDataModelJavaScript.git",
                "reference": "3df772effd5d0bf85d4a60f2f2ce83b5f921cb0b"
            },
            "dist": {
                "type": "zip",
                "url": "https://api.github.com/repos/wmde/WikibaseDataModelJavaScript/zipball/3df772effd5d0bf85d4a60f2f2ce83b5f921cb0b",
                "reference": "3df772effd5d0bf85d4a60f2f2ce83b5f921cb0b",
                "shasum": ""
            },
            "require": {
                "data-values/javascript": "~0.6.0"
            },
            "type": "library",
            "autoload": {
                "files": [
                    "init.php"
                ]
            },
            "notification-url": "https://packagist.org/downloads/",
            "license": [
                "GPL-2.0+"
            ],
            "authors": [
                {
                    "name": "Adrian Lang",
                    "email": "adrian.lang@wikimedia.de"
                },
                {
                    "name": "H. Snater",
                    "homepage": "http://www.snater.com"
                }
            ],
            "description": "Wikibase datamodel implementation in JavaScript",
            "time": "2014-11-05 09:59:08"
        },
        {
            "name": "wikibase/data-model-serialization",
            "version": "1.3.0",
            "source": {
                "type": "git",
                "url": "https://github.com/wmde/WikibaseDataModelSerialization.git",
                "reference": "d92a99f7c894575254d91f52998a080d96fe2188"
            },
            "dist": {
                "type": "zip",
                "url": "https://api.github.com/repos/wmde/WikibaseDataModelSerialization/zipball/d92a99f7c894575254d91f52998a080d96fe2188",
                "reference": "d92a99f7c894575254d91f52998a080d96fe2188",
                "shasum": ""
            },
            "require": {
                "data-values/serialization": "~1.0",
                "php": ">=5.3.0",
                "serialization/serialization": "~3.1",
                "wikibase/data-model": "~2.4"
            },
            "require-dev": {
                "data-values/common": "~0.2",
                "data-values/geo": "~1.0|~0.1",
                "data-values/number": "~0.2",
                "data-values/time": "~0.2"
            },
            "type": "library",
            "extra": {
                "branch-alias": {
                    "dev-master": "1.3.x-dev"
                }
            },
            "autoload": {
                "psr-4": {
                    "Wikibase\\DataModel\\": "src/"
                }
            },
            "notification-url": "https://packagist.org/downloads/",
            "license": [
                "GPL-2.0+"
            ],
            "authors": [
                {
                    "name": "Thomas PT",
                    "homepage": "https://github.com/Tpt"
                },
                {
                    "name": "Jeroen De Dauw",
                    "email": "jeroendedauw@gmail.com",
                    "homepage": "http://jeroendedauw.com"
                }
            ],
            "description": "Serializers and deserializers for the Wikibase DataModel",
            "homepage": "https://github.com/wmde/WikibaseDataModelSerialization",
            "keywords": [
                "DataModel",
                "deserializers",
                "serialization",
                "serializers",
                "wikibase",
                "wikidata"
            ],
            "time": "2015-01-28 14:11:51"
        },
        {
            "name": "wikibase/internal-serialization",
            "version": "1.3.1",
            "source": {
                "type": "git",
                "url": "https://github.com/wmde/WikibaseInternalSerialization.git",
                "reference": "01e26e060bf99ef132ca1b51827a69b88fbf8894"
            },
            "dist": {
                "type": "zip",
                "url": "https://api.github.com/repos/wmde/WikibaseInternalSerialization/zipball/01e26e060bf99ef132ca1b51827a69b88fbf8894",
                "reference": "01e26e060bf99ef132ca1b51827a69b88fbf8894",
                "shasum": ""
            },
            "require": {
                "php": ">=5.3.0",
                "serialization/serialization": "~3.0",
                "wikibase/data-model": "~2.0|~1.0",
                "wikibase/data-model-serialization": "~1.1"
            },
            "require-dev": {
                "data-values/common": "~0.2.2",
                "data-values/geo": "~1.0|~0.2.0",
                "data-values/number": "~0.4.0",
                "data-values/time": "~0.6.0"
            },
            "type": "library",
            "extra": {
                "branch-alias": {
                    "dev-master": "1.3.x-dev"
                }
            },
            "autoload": {
                "psr-4": {
                    "Wikibase\\InternalSerialization\\": "src/"
                }
            },
            "notification-url": "https://packagist.org/downloads/",
            "license": [
                "GPL-2.0+"
            ],
            "authors": [
                {
                    "name": "Jeroen De Dauw",
                    "email": "jeroendedauw@gmail.com",
                    "homepage": "http://jeroendedauw.com"
                }
            ],
            "description": "Library containing serializers and deserializers for the data access layer of Wikibase Repo.",
            "homepage": "https://github.com/wmde/WikibaseInternalSerialization",
            "keywords": [
                "DataModel",
                "deserializers",
                "serialization",
                "serializers",
                "wikibase",
                "wikidata"
            ],
            "time": "2015-01-06 01:49:26"
        },
        {
            "name": "wikibase/javascript-api",
            "version": "1.0.1",
            "source": {
                "type": "git",
                "url": "https://github.com/wikimedia/mediawiki-extensions-WikibaseJavaScriptApi.git",
                "reference": "9e74bc0691f264d633e5e635114bc289436874ff"
            },
            "dist": {
                "type": "zip",
                "url": "https://api.github.com/repos/wikimedia/mediawiki-extensions-WikibaseJavaScriptApi/zipball/9e74bc0691f264d633e5e635114bc289436874ff",
                "reference": "9e74bc0691f264d633e5e635114bc289436874ff",
                "shasum": ""
            },
            "require": {
                "data-values/javascript": "~0.6.0"
            },
            "type": "library",
            "autoload": {
                "files": [
                    "init.php"
                ]
            },
            "notification-url": "https://packagist.org/downloads/",
            "license": [
                "GPL-2.0+"
            ],
            "authors": [
                {
                    "name": "Adrian Lang",
                    "email": "adrian.lang@wikimedia.de"
                },
                {
                    "name": "H. Snater",
                    "homepage": "http://www.snater.com"
                }
            ],
            "description": "Wikibase API client in JavaScript",
            "time": "2014-11-28 08:49:55"
        },
        {
            "name": "wikibase/serialization-javascript",
            "version": "2.0.2",
            "source": {
                "type": "git",
                "url": "https://github.com/wmde/WikibaseSerializationJavaScript.git",
                "reference": "4104a21dc4a677cc0e125ca38dc7ef362444226b"
            },
            "dist": {
                "type": "zip",
                "url": "https://api.github.com/repos/wmde/WikibaseSerializationJavaScript/zipball/4104a21dc4a677cc0e125ca38dc7ef362444226b",
                "reference": "4104a21dc4a677cc0e125ca38dc7ef362444226b",
                "shasum": ""
            },
            "require": {
                "data-values/javascript": "~0.6.0",
                "wikibase/data-model-javascript": "~1.0.0"
            },
            "type": "library",
            "autoload": {
                "files": [
                    "init.php"
                ]
            },
            "notification-url": "https://packagist.org/downloads/",
            "license": [
                "GPL-2.0+"
            ],
            "authors": [
                {
                    "name": "Adrian Lang",
                    "email": "adrian.lang@wikimedia.de"
                },
                {
                    "name": "H. Snater",
                    "homepage": "http://www.snater.com"
                }
            ],
            "description": "Wikibase datamodel serialization implementation in JavaScript",
            "time": "2014-12-17 14:25:47"
        },
        {
            "name": "wikibase/wikibase",
            "version": "dev-master",
            "source": {
                "type": "git",
                "url": "https://github.com/wikimedia/mediawiki-extensions-Wikibase.git",
                "reference": "8d21687a97a5636b0b2522302343ada7f16088dc"
            },
            "dist": {
                "type": "zip",
                "url": "https://api.github.com/repos/wikimedia/mediawiki-extensions-Wikibase/zipball/8d21687a97a5636b0b2522302343ada7f16088dc",
                "reference": "8d21687a97a5636b0b2522302343ada7f16088dc",
                "shasum": ""
            },
            "require": {
                "data-values/common": "~0.2.0",
                "data-values/data-types": "~0.4.0",
                "data-values/data-values": "~1.0.0",
                "data-values/geo": "~1.0",
                "data-values/interfaces": "^0.1.5",
                "data-values/javascript": "~0.6.0",
                "data-values/number": "~0.4.0",
                "data-values/serialization": "~1.0",
                "data-values/time": "~0.6.0",
                "data-values/validators": "~0.1.0",
                "data-values/value-view": "~0.14.0",
                "diff/diff": "~1.0",
                "php": ">=5.3.2",
                "wikibase/data-model": "~2.5",
                "wikibase/data-model-javascript": "~1.0",
                "wikibase/data-model-serialization": "~1.2",
                "wikibase/internal-serialization": "~1.3",
                "wikibase/javascript-api": "~1.0",
                "wikibase/serialization-javascript": "~2.0"
            },
            "conflict": {
                "mediawiki/mediawiki": "<1.23"
            },
            "type": "mediawiki-extension",
            "autoload": {
                "files": [
                    "Wikibase.composer.php"
                ],
                "classmap": [
                    "client/includes/",
                    "client/WikibaseClient.hooks.php",
                    "client/tests/phpunit/",
                    "lib/includes/",
                    "lib/WikibaseLib.hooks.php",
                    "lib/tests/phpunit/",
                    "repo/includes/",
                    "repo/maintenance/",
                    "repo/tests/phpunit/",
                    "repo/Wikibase.hooks.php"
                ],
                "psr-4": {
                    "Wikibase\\View\\": "view/src",
                    "Wikimedia\\Purtle\\": "purtle/src",
                    "Wikimedia\\Purtle\\Tests\\": "purtle/tests/phpunit"
                }
            },
            "notification-url": "https://packagist.org/downloads/",
            "license": [
                "GPL-2.0+"
            ],
            "authors": [
                {
                    "name": "The Wikidata team"
                }
            ],
            "description": "Structured data repository for MediaWiki",
            "homepage": "http://wikiba.se",
            "keywords": [
                "wikibase",
                "wikibaseclient",
                "wikibaselib",
                "wikibaserepo",
                "wikidata"
            ],
            "time": "2015-04-07 20:21:37"
        },
        {
            "name": "wikibase/wikimedia-badges",
            "version": "dev-master",
            "source": {
                "type": "git",
                "url": "https://github.com/wmde/WikimediaBadges.git",
                "reference": "bb5baa8e74f45b66929cc721a112605ba947dbc1"
            },
            "dist": {
                "type": "zip",
                "url": "https://api.github.com/repos/wmde/WikimediaBadges/zipball/bb5baa8e74f45b66929cc721a112605ba947dbc1",
                "reference": "bb5baa8e74f45b66929cc721a112605ba947dbc1",
                "shasum": ""
            },
            "require": {
                "php": ">=5.3.0"
            },
            "type": "mediawiki-extension",
            "autoload": {
                "files": [
                    "WikimediaBadges.php"
                ],
                "classmap": [
                    "WikimediaBadges.hooks.php"
                ]
            },
            "license": [
                "GNU GPL v2+"
            ],
            "authors": [
                {
                    "name": "Bene*",
                    "email": "benestar.wikimedia@gmail.com",
                    "homepage": "https://www.wikidata.org/wiki/User:Bene*",
                    "role": "Developer"
                }
            ],
            "description": "Extension which contains default themes to display badges on Wikimedia projects",
            "homepage": "https://github.com/wmde/WikimediaBadges",
            "keywords": [
                "Wikibase",
                "Wikidata"
            ],
            "support": {
                "irc": "irc://irc.freenode.net/wikidata",
                "source": "https://github.com/wmde/WikimediaBadges/tree/master",
                "issues": "https://github.com/wmde/WikimediaBadges/issues"
            },
            "time": "2014-11-25 18:25:26"
        }
    ],
    "packages-dev": [],
    "aliases": [],
    "minimum-stability": "stable",
    "stability-flags": {
        "wikibase/wikibase": 20,
        "wikibase/wikimedia-badges": 20,
        "wikibase/wikidata.org": 20
    },
    "prefer-stable": false,
    "prefer-lowest": false,
    "platform": {
        "php": ">=5.3.0"
    },
    "platform-dev": []
}
