{
    "_readme": [
        "This file locks the dependencies of your project to a known state",
        "Read more about it at http://getcomposer.org/doc/01-basic-usage.md#composer-lock-the-lock-file",
        "This file is @generated automatically"
    ],
    "hash": "9815177cb066c591fcbd6c2c5b2f0af0",
    "packages": [
        {
            "name": "composer/installers",
            "version": "v1.0.15",
            "source": {
                "type": "git",
                "url": "https://github.com/composer/installers.git",
                "reference": "8e6a72a78f6cfd537fde3350720dfdc9ae3c5621"
            },
            "dist": {
                "type": "zip",
                "url": "https://api.github.com/repos/composer/installers/zipball/8e6a72a78f6cfd537fde3350720dfdc9ae3c5621",
                "reference": "8e6a72a78f6cfd537fde3350720dfdc9ae3c5621",
                "shasum": ""
            },
            "replace": {
                "roundcube/plugin-installer": "*",
                "shama/baton": "*"
            },
            "require-dev": {
                "composer/composer": "1.0.*@dev",
                "phpunit/phpunit": "4.1.*"
            },
            "type": "composer-installer",
            "extra": {
                "class": "Composer\\Installers\\Installer",
                "branch-alias": {
                    "dev-master": "1.0-dev"
                }
            },
            "autoload": {
                "psr-0": {
                    "Composer\\Installers\\": "src/"
                }
            },
            "notification-url": "https://packagist.org/downloads/",
            "license": [
                "MIT"
            ],
            "authors": [
                {
                    "name": "Kyle Robinson Young",
                    "email": "kyle@dontkry.com",
                    "homepage": "https://github.com/shama",
                    "role": "Developer"
                }
            ],
            "description": "A multi-framework Composer library installer",
            "homepage": "http://composer.github.com/installers/",
            "keywords": [
                "Craft",
                "Dolibarr",
                "Hurad",
                "MODX Evo",
                "OXID",
                "WolfCMS",
                "agl",
                "annotatecms",
                "bitrix",
                "cakephp",
                "codeigniter",
                "concrete5",
                "croogo",
                "drupal",
                "elgg",
                "fuelphp",
                "installer",
                "joomla",
                "kohana",
                "laravel",
                "lithium",
                "magento",
                "mako",
                "mediawiki",
                "modulework",
                "moodle",
                "phpbb",
                "piwik",
                "ppi",
                "roundcube",
                "shopware",
                "silverstripe",
                "symfony",
                "typo3",
                "wordpress",
                "zend",
                "zikula"
            ],
            "time": "2014-06-23 16:25:28"
        },
        {
            "name": "data-values/common",
            "version": "0.2.2",
            "source": {
                "type": "git",
                "url": "https://github.com/DataValues/Common.git",
                "reference": "406663b2a68bcf88917d685ab53eb383ff60a56c"
            },
            "dist": {
                "type": "zip",
                "url": "https://api.github.com/repos/DataValues/Common/zipball/406663b2a68bcf88917d685ab53eb383ff60a56c",
                "reference": "406663b2a68bcf88917d685ab53eb383ff60a56c",
                "shasum": ""
            },
            "require": {
                "data-values/data-values": "~0.1",
                "data-values/interfaces": "~0.1.3",
                "php": ">=5.3.0"
            },
            "type": "library",
            "extra": {
                "branch-alias": {
                    "dev-master": "0.2.x-dev"
                }
            },
            "autoload": {
                "files": [
                    "Common.php"
                ],
                "psr-0": {
                    "DataValues\\": "src",
                    "ValueFormatters\\": "src",
                    "ValueParsers\\": "src"
                },
                "classmap": [
                    "tests/ValueParsers"
                ]
            },
            "notification-url": "https://packagist.org/downloads/",
            "license": [
                "GPL-2.0+"
            ],
            "authors": [
                {
                    "name": "Jeroen De Dauw",
                    "email": "jeroendedauw@gmail.com",
                    "homepage": "http://jeroendedauw.com",
                    "role": "Developer"
                }
            ],
            "description": "Contains common implementations of the interfaces defined by DataValuesInterfaces",
            "homepage": "https://github.com/DataValues/Common",
            "keywords": [
                "datavalues",
                "valueformatters",
                "valueparsers",
                "valuevalidators",
                "wikidata"
            ],
            "time": "2014-04-11 13:19:16"
        },
        {
            "name": "data-values/data-types",
            "version": "0.3",
            "source": {
                "type": "git",
                "url": "https://github.com/wmde/DataTypes.git",
                "reference": "040ed6d4b9f67a032b8b34fdb40d71fe3c3eb2a1"
            },
            "dist": {
                "type": "zip",
                "url": "https://api.github.com/repos/wmde/DataTypes/zipball/040ed6d4b9f67a032b8b34fdb40d71fe3c3eb2a1",
                "reference": "040ed6d4b9f67a032b8b34fdb40d71fe3c3eb2a1",
                "shasum": ""
            },
            "require": {
                "php": ">=5.3.0"
            },
            "type": "library",
            "autoload": {
                "files": [
                    "DataTypes.php"
                ],
                "psr-4": {
                    "DataTypes\\": "src/"
                }
            },
            "notification-url": "https://packagist.org/downloads/",
            "license": [
                "GPL-2.0+"
            ],
            "authors": [
                {
                    "name": "Jeroen De Dauw",
                    "email": "jeroendedauw@gmail.com",
                    "homepage": "http://jeroendedauw.com",
                    "role": "Developer"
                }
            ],
            "description": "PHP library defining the DataTypes\\DataType class of which instances represent a type of value, such as \"positive integer\" or \"percentage\".",
            "homepage": "https://github.com/wmde/DataTypes",
            "keywords": [
                "datatypes",
                "datavalues"
            ],
            "time": "2014-05-21 09:39:21"
        },
        {
            "name": "data-values/data-values",
            "version": "0.1.1",
            "source": {
                "type": "git",
                "url": "https://github.com/DataValues/DataValues.git",
                "reference": "603a19faeac34f5db23b786c6d9c20a151118c2a"
            },
            "dist": {
                "type": "zip",
                "url": "https://api.github.com/repos/DataValues/DataValues/zipball/603a19faeac34f5db23b786c6d9c20a151118c2a",
                "reference": "603a19faeac34f5db23b786c6d9c20a151118c2a",
                "shasum": ""
            },
            "require": {
                "php": ">=5.3.0"
            },
            "replace": {
                "mediawiki/data-values": "*"
            },
            "type": "library",
            "autoload": {
                "files": [
                    "DataValues.php"
                ],
                "classmap": [
                    "src/interfaces",
                    "tests/phpunit/DataValueTest.php"
                ],
                "psr-0": {
                    "DataValues\\": "src/"
                }
            },
            "notification-url": "https://packagist.org/downloads/",
            "license": [
                "GPL-2.0+"
            ],
            "authors": [
                {
                    "name": "Jeroen De Dauw",
                    "email": "jeroendedauw@gmail.com",
                    "homepage": "http://jeroendedauw.com",
                    "role": "Developer"
                }
            ],
            "description": "Defines the DataValue interface and some trivial implementations",
            "homepage": "https://github.com/DataValues/DataValues",
            "keywords": [
                "datavalues",
                "wikidata"
            ],
            "time": "2013-11-22 00:39:57"
        },
        {
            "name": "data-values/geo",
            "version": "0.1.2",
            "source": {
                "type": "git",
                "url": "https://github.com/DataValues/Geo.git",
                "reference": "8af1bc11224c46a308f6b8ecac8e2d8b4cbb14ec"
            },
            "dist": {
                "type": "zip",
                "url": "https://api.github.com/repos/DataValues/Geo/zipball/8af1bc11224c46a308f6b8ecac8e2d8b4cbb14ec",
                "reference": "8af1bc11224c46a308f6b8ecac8e2d8b4cbb14ec",
                "shasum": ""
            },
            "require": {
                "data-values/common": "~0.1",
                "data-values/data-values": "~0.1",
                "data-values/interfaces": "~0.1",
                "php": ">=5.3.0"
            },
            "type": "library",
            "autoload": {
                "files": [
                    "Geo.php"
                ],
                "psr-0": {
                    "DataValues\\": "src",
                    "ValueFormatters\\": "src",
                    "ValueParsers\\": "src"
                }
            },
            "notification-url": "https://packagist.org/downloads/",
            "license": [
                "GPL-2.0+"
            ],
            "authors": [
                {
                    "name": "Jeroen De Dauw",
                    "email": "jeroendedauw@gmail.com",
                    "homepage": "http://jeroendedauw.com",
                    "role": "Developer"
                },
                {
                    "name": "The Wikidata team",
                    "role": "Developer"
                }
            ],
            "description": "Geographical value objects, parsers and formatters",
            "homepage": "https://github.com/DataValues/Geo",
            "keywords": [
                "datavalues",
                "geo",
                "geographical",
                "valueformatters",
                "valueparsers",
                "wikidata"
            ],
            "time": "2014-01-24 15:08:52"
        },
        {
            "name": "data-values/interfaces",
            "version": "0.1.4",
            "source": {
                "type": "git",
                "url": "https://github.com/DataValues/Interfaces.git",
                "reference": "38a04aede894929d822001e5e8851f4a08454a89"
            },
            "dist": {
                "type": "zip",
                "url": "https://api.github.com/repos/DataValues/Interfaces/zipball/38a04aede894929d822001e5e8851f4a08454a89",
                "reference": "38a04aede894929d822001e5e8851f4a08454a89",
                "shasum": ""
            },
            "require": {
                "php": ">=5.3.0"
            },
            "type": "library",
            "autoload": {
                "files": [
                    "Interfaces.php"
                ],
                "psr-0": {
                    "ValueFormatters\\": "src",
                    "ValueParsers\\": "src",
                    "ValueValidators\\": "src"
                },
                "classmap": [
                    "tests/ValueFormatters/ValueFormatterTestBase.php"
                ]
            },
            "notification-url": "https://packagist.org/downloads/",
            "license": [
                "GPL-2.0+"
            ],
            "authors": [
                {
                    "name": "Jeroen De Dauw",
                    "email": "jeroendedauw@gmail.com",
                    "homepage": "http://jeroendedauw.com",
                    "role": "Developer"
                }
            ],
            "description": "Defines interfaces for ValueParsers, ValueFormatters and ValueValidators",
            "homepage": "https://github.com/DataValues/Interfaces",
            "keywords": [
                "datavalues",
                "valueformatters",
                "valueparsers",
                "valuevalidators",
                "wikidata"
            ],
            "time": "2014-04-14 08:17:48"
        },
        {
            "name": "data-values/javascript",
            "version": "0.5.1",
            "source": {
                "type": "git",
                "url": "https://github.com/wmde/DataValuesJavascript.git",
                "reference": "cfe87b1d8f1e9d8721de8de59bace70393ce9f48"
            },
            "dist": {
                "type": "zip",
                "url": "https://api.github.com/repos/wmde/DataValuesJavascript/zipball/cfe87b1d8f1e9d8721de8de59bace70393ce9f48",
                "reference": "cfe87b1d8f1e9d8721de8de59bace70393ce9f48",
                "shasum": ""
            },
            "require": {
                "composer/installers": ">=1.0.1"
            },
            "type": "library",
            "autoload": {
                "files": [
                    "DataValuesJavascript.php"
                ]
            },
            "notification-url": "https://packagist.org/downloads/",
            "license": [
                "GPL-2.0+"
            ],
            "authors": [
                {
                    "name": "Jeroen De Dauw",
                    "email": "jeroendedauw@gmail.com",
                    "homepage": "http://jeroendedauw.com",
                    "role": "Developer"
                },
                {
                    "name": "Daniel Werner",
                    "email": "danweetz@web.de",
                    "homepage": "https://www.mediawiki.org/wiki/User:Danwe",
                    "role": "Developer"
                },
                {
                    "name": "H. Snater",
                    "email": "mediawiki@snater.com",
                    "homepage": "http://www.snater.com",
                    "role": "Developer"
                }
            ],
            "description": "DataValues implementation in Javascript",
            "keywords": [
                "datavalues",
                "wikidata"
            ],
            "time": "2014-06-04 10:58:47"
        },
        {
            "name": "data-values/number",
            "version": "0.4",
            "source": {
                "type": "git",
                "url": "https://github.com/DataValues/Number.git",
                "reference": "97f818062df6215d4fd267a33bff2d4f9fac7e4b"
            },
            "dist": {
                "type": "zip",
                "url": "https://api.github.com/repos/DataValues/Number/zipball/97f818062df6215d4fd267a33bff2d4f9fac7e4b",
                "reference": "97f818062df6215d4fd267a33bff2d4f9fac7e4b",
                "shasum": ""
            },
            "require": {
                "data-values/common": "~0.2",
                "data-values/data-values": "~0.1",
                "data-values/interfaces": "~0.1",
                "php": ">=5.3.0"
            },
            "type": "library",
            "autoload": {
                "files": [
                    "Number.php"
                ],
                "psr-0": {
                    "DataValues\\": "src",
                    "ValueFormatters\\": "src",
                    "ValueParsers\\": "src"
                }
            },
            "notification-url": "https://packagist.org/downloads/",
            "license": [
                "GPL-2.0+"
            ],
            "authors": [
                {
                    "name": "Daniel Kinzler"
                }
            ],
            "description": "Numerical value objects, parsers and formatters",
            "homepage": "https://github.com/DataValues/Number",
            "keywords": [
                "datavalues",
                "number",
                "valueformatters",
                "valueparsers",
                "wikidata"
            ],
            "time": "2014-04-24 07:22:17"
        },
        {
            "name": "data-values/serialization",
            "version": "1.0",
            "source": {
                "type": "git",
                "url": "https://github.com/DataValues/Serialization.git",
                "reference": "cbfd63ce13da31a50c1f84fa947a2623611770e1"
            },
            "dist": {
                "type": "zip",
                "url": "https://api.github.com/repos/DataValues/Serialization/zipball/cbfd63ce13da31a50c1f84fa947a2623611770e1",
                "reference": "cbfd63ce13da31a50c1f84fa947a2623611770e1",
                "shasum": ""
            },
            "require": {
                "data-values/data-values": "~0.1.0",
                "php": ">=5.3.0",
                "serialization/serialization": "~3.0"
            },
            "type": "library",
            "autoload": {
                "psr-4": {
                    "DataValues\\Serializers\\": "src/Serializers",
                    "DataValues\\Deserializers\\": "src/Deserializers"
                }
            },
            "notification-url": "https://packagist.org/downloads/",
            "license": [
                "GPL-2.0+"
            ],
            "authors": [
                {
                    "name": "Jeroen De Dauw",
                    "email": "jeroendedauw@gmail.com",
                    "homepage": "http://jeroendedauw.com",
                    "role": "Developer"
                }
            ],
            "description": "Serializers and deserializers for DataValue implementations",
            "homepage": "https://github.com/DataValues/Serialization",
            "keywords": [
                "datavalues",
                "deserializers",
                "serialization",
                "serializers",
                "wikidata"
            ],
            "time": "2014-03-05 12:42:02"
        },
        {
            "name": "data-values/time",
            "version": "0.6",
            "source": {
                "type": "git",
                "url": "https://github.com/DataValues/Time.git",
                "reference": "2aaa88e2ccd2998abda57d447fd1fc0b9c94651f"
            },
            "dist": {
                "type": "zip",
                "url": "https://api.github.com/repos/DataValues/Time/zipball/2aaa88e2ccd2998abda57d447fd1fc0b9c94651f",
                "reference": "2aaa88e2ccd2998abda57d447fd1fc0b9c94651f",
                "shasum": ""
            },
            "require": {
                "data-values/common": "~0.2.0",
                "data-values/data-values": "~0.1.0",
                "data-values/interfaces": "~0.1.4",
                "php": ">=5.3.0"
            },
            "type": "library",
            "autoload": {
                "files": [
                    "Time.php"
                ],
                "psr-0": {
                    "DataValues\\": "src",
                    "ValueFormatters\\": "src",
                    "ValueParsers\\": "src"
                }
            },
            "notification-url": "https://packagist.org/downloads/",
            "license": [
                "GPL-2.0+"
            ],
            "authors": [
                {
                    "name": "The Wikidata team",
                    "role": "Developer"
                }
            ],
            "description": "Time value objects, parsers and formatters",
            "homepage": "https://github.com/DataValues/Time",
            "keywords": [
                "datavalues",
                "time",
                "valueformatters",
                "valueparsers",
                "wikidata"
            ],
            "time": "2014-06-05 17:58:16"
        },
        {
            "name": "data-values/validators",
            "version": "0.1.1",
            "source": {
                "type": "git",
                "url": "https://github.com/DataValues/Validators.git",
                "reference": "ad96186364d285e5ea761fcd54530570c80cc6ec"
            },
            "dist": {
                "type": "zip",
                "url": "https://api.github.com/repos/DataValues/Validators/zipball/ad96186364d285e5ea761fcd54530570c80cc6ec",
                "reference": "ad96186364d285e5ea761fcd54530570c80cc6ec",
                "shasum": ""
            },
            "require": {
                "data-values/data-values": "~0.1",
                "data-values/interfaces": "~0.1",
                "php": ">=5.3.0"
            },
            "type": "library",
            "autoload": {
                "files": [
                    "Validators.php"
                ],
                "psr-4": {
                    "ValueValidators\\": "src"
                }
            },
            "notification-url": "https://packagist.org/downloads/",
            "license": [
                "GPL-2.0+"
            ],
            "authors": [
                {
                    "name": "Jeroen De Dauw",
                    "email": "jeroendedauw@gmail.com",
                    "homepage": "http://jeroendedauw.com",
                    "role": "Developer"
                },
                {
                    "name": "The Wikidata team",
                    "role": "Developer"
                }
            ],
            "description": "Common ValueValidator implementations",
            "homepage": "https://github.com/DataValues/Validators",
            "keywords": [
                "datavalues",
                "validation",
                "validators",
                "valueformatters",
                "valueparsers",
                "wikidata"
            ],
            "time": "2014-03-27 03:45:06"
        },
        {
            "name": "data-values/value-view",
            "version": "0.6.4",
            "source": {
                "type": "git",
                "url": "https://github.com/wmde/ValueView.git",
                "reference": "dd752fb6aed288cd9ad04371037886d9b42025d9"
            },
            "dist": {
                "type": "zip",
                "url": "https://api.github.com/repos/wmde/ValueView/zipball/dd752fb6aed288cd9ad04371037886d9b42025d9",
                "reference": "dd752fb6aed288cd9ad04371037886d9b42025d9",
                "shasum": ""
            },
            "require": {
                "data-values/javascript": "~0.5.0",
                "php": ">=5.3.0"
            },
            "type": "mediawiki-extension",
            "autoload": {
                "files": [
                    "ValueView.php"
                ]
            },
            "notification-url": "https://packagist.org/downloads/",
            "license": [
                "GPL-2.0+"
            ],
            "authors": [
                {
                    "name": "Daniel Werner",
                    "email": "danweetz@web.de",
                    "homepage": "https://www.mediawiki.org/wiki/User:Danwe",
                    "role": "Developer"
                },
                {
                    "name": "H. Snater",
                    "email": "mediawiki@snater.com",
                    "homepage": "http://www.snater.com",
                    "role": "Developer"
                }
            ],
            "description": "Provides JS widgets to edit values defined by the DataValues library",
            "homepage": "https://www.mediawiki.org/wiki/Extension:ValueView",
            "time": "2014-07-02 09:29:58"
        },
        {
            "name": "diff/diff",
            "version": "1.0.1",
            "source": {
                "type": "git",
                "url": "https://github.com/wmde/Diff.git",
                "reference": "07f23a7a723bcba69c0b569acefb2f8d8d432c6b"
            },
            "dist": {
                "type": "zip",
                "url": "https://api.github.com/repos/wmde/Diff/zipball/07f23a7a723bcba69c0b569acefb2f8d8d432c6b",
                "reference": "07f23a7a723bcba69c0b569acefb2f8d8d432c6b",
                "shasum": ""
            },
            "require": {
                "php": ">=5.3.0"
            },
            "type": "library",
            "extra": {
                "branch-alias": {
                    "dev-master": "1.0.x-dev"
                }
            },
            "autoload": {
                "files": [
                    "Diff.php"
                ],
                "psr-4": {
                    "Diff\\": "src/"
                }
            },
            "notification-url": "https://packagist.org/downloads/",
            "license": [
                "GPL-2.0+"
            ],
            "authors": [
                {
                    "name": "Jeroen De Dauw",
                    "email": "jeroendedauw@gmail.com",
                    "homepage": "http://jeroendedauw.com",
                    "role": "Developer"
                }
            ],
            "description": "Library for diffing, patching and representing differences between complex objects",
            "homepage": "https://github.com/wmde/Diff",
            "keywords": [
                "diff",
                "diffing",
                "diffop",
                "patching",
                "wikidata"
            ],
            "time": "2014-05-07 16:35:49"
        },
        {
            "name": "propertysuggester/property-suggester",
            "version": "v1.0",
            "source": {
                "type": "git",
                "url": "https://github.com/Wikidata-lib/PropertySuggester.git",
                "reference": "2fb712f58c368a1151b3e8aeb09876ffa1f66913"
            },
            "dist": {
                "type": "zip",
                "url": "https://api.github.com/repos/Wikidata-lib/PropertySuggester/zipball/2fb712f58c368a1151b3e8aeb09876ffa1f66913",
                "reference": "2fb712f58c368a1151b3e8aeb09876ffa1f66913",
                "shasum": ""
            },
            "require": {
                "php": ">=5.3.0"
            },
            "require-dev": {
                "phpunit/phpunit": "3.7.*",
                "satooshi/php-coveralls": "dev-master"
            },
            "type": "mediawiki-extension",
            "autoload": {
                "psr-4": {
                    "PropertySuggester\\": "src/PropertySuggester/"
                },
                "files": [

    ],
                "classmap": [
                    "PropertySuggesterHooks.php",
                    "maintenance/UpdateTable.php"
                ]
            },
            "notification-url": "https://packagist.org/downloads/",
            "license": [
                "GPL-2.0+"
            ],
            "description": "Extension for Wikibase to provide usefull suggestions for new properties",
            "homepage": "https://github.com/Wikidata-lib/PropertySuggester",
            "keywords": [
                "propertysuggester",
                "wikibase",
                "wikidata"
            ],
            "time": "2014-06-23 17:01:20"
        },
        {
            "name": "serialization/serialization",
            "version": "3.2",
            "source": {
                "type": "git",
                "url": "https://github.com/wmde/Serialization.git",
                "reference": "7e13a0bc0173adc3aea0f16545e871e03a2ac4c4"
            },
            "dist": {
                "type": "zip",
                "url": "https://api.github.com/repos/wmde/Serialization/zipball/7e13a0bc0173adc3aea0f16545e871e03a2ac4c4",
                "reference": "7e13a0bc0173adc3aea0f16545e871e03a2ac4c4",
                "shasum": ""
            },
            "require": {
                "php": ">=5.3.0"
            },
            "type": "library",
            "extra": {
                "branch-alias": {
                    "dev-master": "3.2.x-dev"
                }
            },
            "autoload": {
                "files": [
                    "Serialization.php"
                ],
                "psr-4": {
                    "Deserializers\\": "src/Deserializers/",
                    "Serializers\\": "src/Serializers/"
                }
            },
            "notification-url": "https://packagist.org/downloads/",
            "license": [
                "GPL-2.0+"
            ],
            "authors": [
                {
                    "name": "Jeroen De Dauw",
                    "email": "jeroendedauw@gmail.com",
                    "homepage": "http://jeroendedauw.com",
                    "role": "Developer"
                }
            ],
            "description": "Library defining a Serializer and a Deserializer interface and basic utilities",
            "homepage": "https://github.com/wmde/Serialization",
            "keywords": [
                "deserialization",
                "deserializer",
                "serialization",
                "serializer",
                "unserialization",
                "wikidata"
            ],
            "time": "2014-05-20 15:57:52"
        },
        {
            "name": "wikibase/data-model",
            "version": "0.8.1",
            "source": {
                "type": "git",
                "url": "https://github.com/wmde/WikibaseDataModel.git",
                "reference": "50679a58a5b1172224cf47e660f40595992e29dc"
            },
            "dist": {
                "type": "zip",
                "url": "https://api.github.com/repos/wmde/WikibaseDataModel/zipball/50679a58a5b1172224cf47e660f40595992e29dc",
                "reference": "50679a58a5b1172224cf47e660f40595992e29dc",
                "shasum": ""
            },
            "require": {
                "data-values/data-values": "~0.1.0",
                "data-values/serialization": ">=0.1,<2.0",
                "diff/diff": "~1.0",
                "php": ">=5.3.0"
            },
            "type": "library",
            "extra": {
                "branch-alias": {
                    "dev-master": "0.8.x-dev"
                }
            },
            "autoload": {
                "files": [
                    "WikibaseDataModel.php"
                ],
                "psr-4": {
                    "Wikibase\\DataModel\\": "src/"
                }
            },
            "notification-url": "https://packagist.org/downloads/",
            "license": [
                "GPL-2.0+"
            ],
            "authors": [
                {
                    "name": "Jeroen De Dauw",
                    "email": "jeroendedauw@gmail.com",
                    "homepage": "http://jeroendedauw.com",
                    "role": "Developer"
                }
            ],
            "description": "PHP implementation of the Wikibase DataModel",
            "homepage": "https://github.com/wmde/WikibaseDataModel",
            "keywords": [
                "DataModel",
                "wikibase",
                "wikidata"
            ],
            "time": "2014-06-06 21:14:52"
        },
        {
            "name": "wikibase/data-model-javascript",
            "version": "0.2.0",
            "source": {
                "type": "git",
                "url": "https://github.com/wmde/WikibaseDataModelJavascript.git",
                "reference": "c74867c665ba23c366d978d7dd461ea70475d57d"
            },
            "dist": {
                "type": "zip",
                "url": "https://api.github.com/repos/wmde/WikibaseDataModelJavascript/zipball/c74867c665ba23c366d978d7dd461ea70475d57d",
                "reference": "c74867c665ba23c366d978d7dd461ea70475d57d",
                "shasum": ""
            },
            "require": {
                "data-values/javascript": "~0.5.0"
            },
            "type": "library",
            "autoload": {
                "files": [
                    "init.mw.php"
                ]
            },
            "notification-url": "https://packagist.org/downloads/",
            "license": [
                "GPL-2.0+"
            ],
            "authors": [
                {
                    "name": "Jeroen De Dauw",
                    "email": "jeroendedauw@gmail.com",
                    "homepage": "http://jeroendedauw.com",
                    "role": "Developer"
                },
                {
                    "name": "Daniel Werner",
                    "email": "danweetz@web.de",
                    "homepage": "https://www.mediawiki.org/wiki/User:Danwe",
                    "role": "Developer"
                },
                {
                    "name": "H. Snater",
                    "email": "mediawiki@snater.com",
                    "homepage": "http://www.snater.com",
                    "role": "Developer"
                },
                {
                    "name": "Adrian Lang",
                    "email": "adrian.lang@wikimedia.de"
                }
            ],
            "description": "Wikibase datamodel implementation in JavaScript",
            "time": "2014-06-26 12:47:29"
        },
        {
            "name": "wikibase/data-model-serialization",
            "version": "1.0.1",
            "source": {
                "type": "git",
                "url": "https://github.com/wmde/WikibaseDataModelSerialization.git",
                "reference": "ee0816e64e70406406a11d0bf159b164d03172b8"
            },
            "dist": {
                "type": "zip",
                "url": "https://api.github.com/repos/wmde/WikibaseDataModelSerialization/zipball/ee0816e64e70406406a11d0bf159b164d03172b8",
                "reference": "ee0816e64e70406406a11d0bf159b164d03172b8",
                "shasum": ""
            },
            "require": {
                "data-values/serialization": "~1.0",
                "php": ">=5.3.0",
                "serialization/serialization": "~3.1",
                "wikibase/data-model": "<2.0,>=0.7-dev"
            },
            "require-dev": {
                "data-values/common": "~0.2.0",
                "data-values/geo": "~0.1.0",
                "data-values/number": "~0.3.0",
                "data-values/time": "~0.3.0"
            },
            "type": "library",
            "extra": {
                "branch-alias": {
                    "dev-master": "1.0.x-dev"
                }
            },
            "autoload": {
                "psr-4": {
                    "Wikibase\\DataModel\\": "src/"
                }
            },
            "notification-url": "https://packagist.org/downloads/",
            "license": [
                "GPL-2.0+"
            ],
            "authors": [
                {
                    "name": "Jeroen De Dauw",
                    "email": "jeroendedauw@gmail.com",
                    "homepage": "http://jeroendedauw.com",
                    "role": "Core developer"
                },
                {
                    "name": "Thomas PT",
                    "homepage": "https://github.com/Tpt"
                }
            ],
            "description": "Serializers and deserializers for the Wikibase DataModel",
            "homepage": "https://github.com/wmde/WikibaseDataModelSerialization",
            "keywords": [
                "DataModel",
                "deserializers",
                "serialization",
                "serializers",
                "wikibase",
                "wikidata"
            ],
            "time": "2014-06-16 15:21:31"
        },
        {
            "name": "wikibase/easyrdf_lite",
            "version": "0.8.1",
            "source": {
                "type": "git",
                "url": "https://github.com/Wikidata/easyrdf_lite.git",
                "reference": "2f371b9447b7627e23b82cd31ade029659bb438c"
            },
            "dist": {
                "type": "zip",
                "url": "https://api.github.com/repos/Wikidata/easyrdf_lite/zipball/2f371b9447b7627e23b82cd31ade029659bb438c",
                "reference": "2f371b9447b7627e23b82cd31ade029659bb438c",
                "shasum": ""
            },
            "type": "library",
            "autoload": {
                "psr-0": {
                    "EasyRdf_": "./"
                }
            },
            "notification-url": "https://packagist.org/downloads/",
            "license": [
                "BSD"
            ],
            "description": "EasyRdf Lite is a customized version of EasyRdf",
            "homepage": "https://github.com/Wikidata/easyrdf_lite",
            "time": "2014-01-29 22:43:55"
        },
        {
            "name": "wikibase/internal-serialization",
            "version": "1.1",
            "source": {
                "type": "git",
                "url": "https://github.com/wmde/WikibaseInternalSerialization.git",
                "reference": "f139e540e99c54a4d1ef69c90cf2581d5063b5cd"
            },
            "dist": {
                "type": "zip",
                "url": "https://api.github.com/repos/wmde/WikibaseInternalSerialization/zipball/f139e540e99c54a4d1ef69c90cf2581d5063b5cd",
                "reference": "f139e540e99c54a4d1ef69c90cf2581d5063b5cd",
                "shasum": ""
            },
            "require": {
                "php": ">=5.3.0",
                "serialization/serialization": "~3.0",
                "wikibase/data-model": "<2.0,>=0.7.3",
                "wikibase/data-model-serialization": "~1.0"
            },
            "require-dev": {
                "data-values/common": "~0.2.0",
                "data-values/geo": "~0.1.0",
                "data-values/number": "~0.3.0",
                "data-values/time": "~0.3.0"
            },
            "type": "library",
            "extra": {
                "branch-alias": {
                    "dev-master": "1.1.x-dev"
                }
            },
            "autoload": {
                "psr-4": {
                    "Wikibase\\InternalSerialization\\": "src/"
                }
            },
            "notification-url": "https://packagist.org/downloads/",
            "license": [
                "GPL-2.0+"
            ],
            "authors": [
                {
                    "name": "Jeroen De Dauw",
                    "email": "jeroendedauw@gmail.com",
                    "homepage": "http://jeroendedauw.com",
                    "role": "Developer"
                }
            ],
            "description": "Library containing serializers and deserializers for the data access layer of Wikibase Repo.",
            "homepage": "https://github.com/wmde/WikibaseInternalSerialization",
            "keywords": [
                "DataModel",
                "deserializers",
                "serialization",
                "serializers",
                "wikibase",
                "wikidata"
            ],
            "time": "2014-06-16 15:23:07"
        },
        {
            "name": "wikibase/serialization-javascript",
            "version": "1.0.0",
            "source": {
                "type": "git",
                "url": "https://github.com/wmde/WikibaseSerializationJavaScript.git",
                "reference": "3e18ec18eb4481684c30a41d69faa68b6ce720ca"
            },
            "dist": {
                "type": "zip",
                "url": "https://api.github.com/repos/wmde/WikibaseSerializationJavaScript/zipball/3e18ec18eb4481684c30a41d69faa68b6ce720ca",
                "reference": "3e18ec18eb4481684c30a41d69faa68b6ce720ca",
                "shasum": ""
            },
            "require": {
                "data-values/javascript": "~0.5.0",
                "wikibase/data-model-javascript": "~0.2.0"
            },
            "type": "library",
            "autoload": {
                "files": [
                    "init.mw.php"
                ]
            },
            "notification-url": "https://packagist.org/downloads/",
            "license": [
                "GPL-2.0+"
            ],
            "authors": [
                {
                    "name": "Jeroen De Dauw",
                    "email": "jeroendedauw@gmail.com",
                    "homepage": "http://jeroendedauw.com",
                    "role": "Developer"
                },
                {
                    "name": "Daniel Werner",
                    "email": "danweetz@web.de",
                    "homepage": "https://www.mediawiki.org/wiki/User:Danwe",
                    "role": "Developer"
                },
                {
                    "name": "H. Snater",
                    "email": "mediawiki@snater.com",
                    "homepage": "http://www.snater.com",
                    "role": "Developer"
                },
                {
                    "name": "Adrian Lang",
                    "email": "adrian.lang@wikimedia.de"
                }
            ],
            "description": "Wikibase datamodel serialization implementation in JavaScript",
            "time": "2014-07-03 07:38:47"
        },
        {
            "name": "wikibase/wikibase",
            "version": "dev-mw1.24-wmf12",
            "source": {
                "type": "git",
                "url": "https://github.com/wikimedia/mediawiki-extensions-Wikibase.git",
                "reference": "8fc06b8f7a2cf691f843fb5f4d4513828908a1b0"
            },
            "dist": {
                "type": "zip",
                "url": "https://api.github.com/repos/wikimedia/mediawiki-extensions-Wikibase/zipball/8fc06b8f7a2cf691f843fb5f4d4513828908a1b0",
                "reference": "8fc06b8f7a2cf691f843fb5f4d4513828908a1b0",
                "shasum": ""
            },
            "require": {
                "data-values/common": "~0.2.0",
                "data-values/data-types": "~0.3.0",
                "data-values/data-values": "~0.1.0",
                "data-values/geo": "~0.1.0",
                "data-values/interfaces": "~0.1.4",
                "data-values/javascript": "~0.5.1",
                "data-values/number": "~0.4.0",
                "data-values/serialization": "~1.0",
                "data-values/time": "~0.6.0",
                "data-values/validators": "~0.1.0",
                "data-values/value-view": "~0.6.3",
                "diff/diff": "~1.0",
                "php": ">=5.3.2",
                "wikibase/data-model": "~0.8.1",
                "wikibase/data-model-javascript": "~0.2.0",
                "wikibase/easyrdf_lite": "~0.8.1",
                "wikibase/internal-serialization": "~1.1",
                "wikibase/serialization-javascript": "~1.0.0"
            },
            "conflict": {
                "mediawiki/mediawiki": "<1.23"
            },
            "type": "mediawiki-extension",
            "autoload": {
                "files": [
                    "Wikibase.composer.php"
                ],
                "classmap": [
                    "client/includes/",
                    "client/WikibaseClient.hooks.php",
                    "client/tests/phpunit/MockPageUpdater.php",
                    "client/tests/phpunit/MockClientStore.php",
                    "client/tests/phpunit/includes/scribunto/WikibaseLuaIntegrationTestItemSetUpHelper.php",
                    "client/tests/phpunit/includes/scribunto/Scribunto_LuaWikibaseLibraryTestCase.php",
                    "lib/includes/",
                    "lib/WikibaseLib.hooks.php",
                    "lib/tests/phpunit/",
                    "repo/includes/",
                    "repo/maintenance/",
                    "repo/tests/phpunit/",
                    "repo/Wikibase.hooks.php"
                ],
                "psr-4": {
                    "Wikibase\\Repo\\View\\": "repo/includes/View"
                }
            },
            "notification-url": "https://packagist.org/downloads/",
            "license": [
                "GNU GPL v2+"
            ],
            "authors": [
                {
                    "name": "The Wikidata team",
                    "role": "Developer"
                }
            ],
            "description": "Structured data repository for MediaWiki",
            "homepage": "http://wikiba.se",
            "keywords": [
                "wikibase",
                "wikibaseclient",
                "wikibaselib",
                "wikibaserepo",
                "wikidata"
            ],
            "time": "2014-07-03 12:22:59"
        }
    ],
    "packages-dev": [

    ],
    "aliases": [

    ],
    "minimum-stability": "stable",
    "stability-flags": {
        "wikibase/wikibase": 20
    },
    "platform": {
        "php": ">=5.3.0"
    },
    "platform-dev": [

    ]
}
