{
    "_readme": [
        "This file locks the dependencies of your project to a known state",
        "Read more about it at http://getcomposer.org/doc/01-basic-usage.md#composer-lock-the-lock-file"
    ],
    "hash": "8e4f22bbedb9cd631ca304098ea9177c",
    "packages": [
        {
            "name": "composer/installers",
            "version": "v1.0.13",
            "source": {
                "type": "git",
                "url": "https://github.com/composer/installers.git",
                "reference": "26d37e307f9aa6e2e81806a6525666f8ab5ba0ff"
            },
            "dist": {
                "type": "zip",
                "url": "https://api.github.com/repos/composer/installers/zipball/26d37e307f9aa6e2e81806a6525666f8ab5ba0ff",
                "reference": "26d37e307f9aa6e2e81806a6525666f8ab5ba0ff",
                "shasum": ""
            },
            "replace": {
                "shama/baton": "*"
            },
            "require-dev": {
                "composer/composer": "1.0.*@dev",
                "phpunit/phpunit": "3.7.*"
            },
            "type": "composer-installer",
            "extra": {
                "class": "Composer\\Installers\\Installer",
                "branch-alias": {
                    "dev-master": "1.0-dev"
                }
            },
            "autoload": {
                "psr-0": {
                    "Composer\\Installers\\": "src/"
                }
            },
            "notification-url": "https://packagist.org/downloads/",
            "license": [
                "MIT"
            ],
            "authors": [
                {
                    "name": "Kyle Robinson Young",
                    "email": "kyle@dontkry.com",
                    "homepage": "https://github.com/shama",
                    "role": "Developer"
                }
            ],
            "description": "A multi-framework Composer library installer",
            "homepage": "http://composer.github.com/installers/",
            "keywords": [
                "Craft",
                "Hurad",
                "MODX Evo",
                "OXID",
                "WolfCMS",
                "agl",
                "annotatecms",
                "cakephp",
                "codeigniter",
                "concrete5",
                "croogo",
                "drupal",
                "elgg",
                "fuelphp",
                "installer",
                "joomla",
                "kohana",
                "laravel",
                "lithium",
                "magento",
                "mako",
                "mediawiki",
                "modulework",
                "phpbb",
                "piwik",
                "ppi",
                "shopware",
                "silverstripe",
                "symfony",
                "typo3",
                "wordpress",
                "zend",
                "zikula"
            ],
            "time": "2014-04-09 16:12:43"
        },
        {
            "name": "data-values/common",
            "version": "0.2.2",
            "source": {
                "type": "git",
                "url": "https://github.com/DataValues/Common.git",
                "reference": "406663b2a68bcf88917d685ab53eb383ff60a56c"
            },
            "dist": {
                "type": "zip",
                "url": "https://api.github.com/repos/DataValues/Common/zipball/406663b2a68bcf88917d685ab53eb383ff60a56c",
                "reference": "406663b2a68bcf88917d685ab53eb383ff60a56c",
                "shasum": ""
            },
            "require": {
                "data-values/data-values": "~0.1",
                "data-values/interfaces": "~0.1.3",
                "php": ">=5.3.0"
            },
            "type": "library",
            "extra": {
                "branch-alias": {
                    "dev-master": "0.2.x-dev"
                }
            },
            "autoload": {
                "files": [
                    "Common.php"
                ],
                "psr-0": {
                    "DataValues\\": "src",
                    "ValueFormatters\\": "src",
                    "ValueParsers\\": "src"
                },
                "classmap": [
                    "tests/ValueParsers"
                ]
            },
            "notification-url": "https://packagist.org/downloads/",
            "license": [
                "GPL-2.0+"
            ],
            "authors": [
                {
                    "name": "Jeroen De Dauw",
                    "email": "jeroendedauw@gmail.com",
                    "homepage": "http://jeroendedauw.com",
                    "role": "Developer"
                }
            ],
            "description": "Contains common implementations of the interfaces defined by DataValuesInterfaces",
            "homepage": "https://github.com/DataValues/Common",
            "keywords": [
                "datavalues",
                "valueformatters",
                "valueparsers",
                "valuevalidators",
                "wikidata"
            ],
            "time": "2014-04-11 13:19:16"
        },
        {
            "name": "data-values/data-types",
            "version": "0.2.1",
            "source": {
                "type": "git",
                "url": "https://github.com/wmde/DataTypes.git",
                "reference": "fced7ce190ed4cef72e481392af33c404158d2e0"
            },
            "dist": {
                "type": "zip",
                "url": "https://api.github.com/repos/wmde/DataTypes/zipball/fced7ce190ed4cef72e481392af33c404158d2e0",
                "reference": "fced7ce190ed4cef72e481392af33c404158d2e0",
                "shasum": ""
            },
            "require": {
                "php": ">=5.3.0"
            },
            "type": "library",
            "autoload": {
                "files": [
                    "DataTypes.php"
                ],
                "psr-4": {
                    "DataTypes\\": "src/"
                }
            },
            "notification-url": "https://packagist.org/downloads/",
            "license": [
                "GPL-2.0+"
            ],
            "authors": [
                {
                    "name": "Jeroen De Dauw",
                    "email": "jeroendedauw@gmail.com",
                    "homepage": "http://jeroendedauw.com",
                    "role": "Developer"
                }
            ],
            "description": "PHP library defining the DataTypes\\DataType class of which instances represent a type of value, such as \"positive integer\" or \"percentage\".",
            "homepage": "https://github.com/wmde/DataTypes",
            "keywords": [
                "datatypes",
                "datavalues"
            ],
            "time": "2014-05-07 12:36:40"
        },
        {
            "name": "data-values/data-values",
            "version": "0.1.1",
            "source": {
                "type": "git",
                "url": "https://github.com/DataValues/DataValues.git",
                "reference": "603a19faeac34f5db23b786c6d9c20a151118c2a"
            },
            "dist": {
                "type": "zip",
                "url": "https://api.github.com/repos/DataValues/DataValues/zipball/603a19faeac34f5db23b786c6d9c20a151118c2a",
                "reference": "603a19faeac34f5db23b786c6d9c20a151118c2a",
                "shasum": ""
            },
            "require": {
                "php": ">=5.3.0"
            },
            "replace": {
                "mediawiki/data-values": "*"
            },
            "type": "library",
            "autoload": {
                "files": [
                    "DataValues.php"
                ],
                "classmap": [
                    "src/interfaces",
                    "tests/phpunit/DataValueTest.php"
                ],
                "psr-0": {
                    "DataValues\\": "src/"
                }
            },
            "notification-url": "https://packagist.org/downloads/",
            "license": [
                "GPL-2.0+"
            ],
            "authors": [
                {
                    "name": "Jeroen De Dauw",
                    "email": "jeroendedauw@gmail.com",
                    "homepage": "http://jeroendedauw.com",
                    "role": "Developer"
                }
            ],
            "description": "Defines the DataValue interface and some trivial implementations",
            "homepage": "https://github.com/DataValues/DataValues",
            "keywords": [
                "datavalues",
                "wikidata"
            ],
            "time": "2013-11-22 00:39:57"
        },
        {
            "name": "data-values/geo",
            "version": "0.1.2",
            "source": {
                "type": "git",
                "url": "https://github.com/DataValues/Geo.git",
                "reference": "8af1bc11224c46a308f6b8ecac8e2d8b4cbb14ec"
            },
            "dist": {
                "type": "zip",
                "url": "https://api.github.com/repos/DataValues/Geo/zipball/8af1bc11224c46a308f6b8ecac8e2d8b4cbb14ec",
                "reference": "8af1bc11224c46a308f6b8ecac8e2d8b4cbb14ec",
                "shasum": ""
            },
            "require": {
                "data-values/common": "~0.1",
                "data-values/data-values": "~0.1",
                "data-values/interfaces": "~0.1",
                "php": ">=5.3.0"
            },
            "type": "library",
            "autoload": {
                "files": [
                    "Geo.php"
                ],
                "psr-0": {
                    "DataValues\\": "src",
                    "ValueFormatters\\": "src",
                    "ValueParsers\\": "src"
                }
            },
            "notification-url": "https://packagist.org/downloads/",
            "license": [
                "GPL-2.0+"
            ],
            "authors": [
                {
                    "name": "Jeroen De Dauw",
                    "email": "jeroendedauw@gmail.com",
                    "homepage": "http://jeroendedauw.com",
                    "role": "Developer"
                },
                {
                    "name": "The Wikidata team",
                    "role": "Developer"
                }
            ],
            "description": "Geographical value objects, parsers and formatters",
            "homepage": "https://github.com/DataValues/Geo",
            "keywords": [
                "datavalues",
                "geo",
                "geographical",
                "valueformatters",
                "valueparsers",
                "wikidata"
            ],
            "time": "2014-01-24 15:08:52"
        },
        {
            "name": "data-values/interfaces",
            "version": "0.1.4",
            "source": {
                "type": "git",
                "url": "https://github.com/DataValues/Interfaces.git",
                "reference": "38a04aede894929d822001e5e8851f4a08454a89"
            },
            "dist": {
                "type": "zip",
                "url": "https://api.github.com/repos/DataValues/Interfaces/zipball/38a04aede894929d822001e5e8851f4a08454a89",
                "reference": "38a04aede894929d822001e5e8851f4a08454a89",
                "shasum": ""
            },
            "require": {
                "php": ">=5.3.0"
            },
            "type": "library",
            "autoload": {
                "files": [
                    "Interfaces.php"
                ],
                "psr-0": {
                    "ValueFormatters\\": "src",
                    "ValueParsers\\": "src",
                    "ValueValidators\\": "src"
                },
                "classmap": [
                    "tests/ValueFormatters/ValueFormatterTestBase.php"
                ]
            },
            "notification-url": "https://packagist.org/downloads/",
            "license": [
                "GPL-2.0+"
            ],
            "authors": [
                {
                    "name": "Jeroen De Dauw",
                    "email": "jeroendedauw@gmail.com",
                    "homepage": "http://jeroendedauw.com",
                    "role": "Developer"
                }
            ],
            "description": "Defines interfaces for ValueParsers, ValueFormatters and ValueValidators",
            "homepage": "https://github.com/DataValues/Interfaces",
            "keywords": [
                "datavalues",
                "valueformatters",
                "valueparsers",
                "valuevalidators",
                "wikidata"
            ],
            "time": "2014-04-14 08:17:48"
        },
        {
            "name": "data-values/javascript",
            "version": "0.5",
            "source": {
                "type": "git",
                "url": "https://github.com/wmde/DataValuesJavascript.git",
                "reference": "f3e39bfdf8ccf9984fe0e4fe88910cab6915f722"
            },
            "dist": {
                "type": "zip",
                "url": "https://api.github.com/repos/wmde/DataValuesJavascript/zipball/f3e39bfdf8ccf9984fe0e4fe88910cab6915f722",
                "reference": "f3e39bfdf8ccf9984fe0e4fe88910cab6915f722",
                "shasum": ""
            },
            "require": {
                "composer/installers": ">=1.0.1"
            },
            "type": "library",
            "autoload": {
                "files": [
                    "DataValuesJavascript.php"
                ]
            },
            "notification-url": "https://packagist.org/downloads/",
            "license": [
                "GPL-2.0+"
            ],
            "authors": [
                {
                    "name": "Jeroen De Dauw",
                    "email": "jeroendedauw@gmail.com",
                    "homepage": "http://jeroendedauw.com",
                    "role": "Developer"
                },
                {
                    "name": "Daniel Werner",
                    "email": "danweetz@web.de",
                    "homepage": "https://www.mediawiki.org/wiki/User:Danwe",
                    "role": "Developer"
                },
                {
                    "name": "H. Snater",
                    "email": "mediawiki@snater.com",
                    "homepage": "http://www.snater.com",
                    "role": "Developer"
                }
            ],
            "description": "DataValues implementation in Javascript",
            "keywords": [
                "datavalues",
                "wikidata"
            ],
            "time": "2014-03-28 14:20:37"
        },
        {
            "name": "data-values/number",
            "version": "0.4",
            "source": {
                "type": "git",
                "url": "https://github.com/DataValues/Number.git",
                "reference": "97f818062df6215d4fd267a33bff2d4f9fac7e4b"
            },
            "dist": {
                "type": "zip",
                "url": "https://api.github.com/repos/DataValues/Number/zipball/97f818062df6215d4fd267a33bff2d4f9fac7e4b",
                "reference": "97f818062df6215d4fd267a33bff2d4f9fac7e4b",
                "shasum": ""
            },
            "require": {
                "data-values/common": "~0.2",
                "data-values/data-values": "~0.1",
                "data-values/interfaces": "~0.1",
                "php": ">=5.3.0"
            },
            "type": "library",
            "autoload": {
                "files": [
                    "Number.php"
                ],
                "psr-0": {
                    "DataValues\\": "src",
                    "ValueFormatters\\": "src",
                    "ValueParsers\\": "src"
                }
            },
            "notification-url": "https://packagist.org/downloads/",
            "license": [
                "GPL-2.0+"
            ],
            "authors": [
                {
                    "name": "Daniel Kinzler"
                }
            ],
            "description": "Numerical value objects, parsers and formatters",
            "homepage": "https://github.com/DataValues/Number",
            "keywords": [
                "datavalues",
                "number",
                "valueformatters",
                "valueparsers",
                "wikidata"
            ],
            "time": "2014-04-24 07:22:17"
        },
        {
            "name": "data-values/serialization",
            "version": "1.0",
            "source": {
                "type": "git",
                "url": "https://github.com/DataValues/Serialization.git",
                "reference": "cbfd63ce13da31a50c1f84fa947a2623611770e1"
            },
            "dist": {
                "type": "zip",
                "url": "https://api.github.com/repos/DataValues/Serialization/zipball/cbfd63ce13da31a50c1f84fa947a2623611770e1",
                "reference": "cbfd63ce13da31a50c1f84fa947a2623611770e1",
                "shasum": ""
            },
            "require": {
                "data-values/data-values": "~0.1.0",
                "php": ">=5.3.0",
                "serialization/serialization": "~3.0"
            },
            "type": "library",
            "autoload": {
                "psr-4": {
                    "DataValues\\Serializers\\": "src/Serializers",
                    "DataValues\\Deserializers\\": "src/Deserializers"
                }
            },
            "notification-url": "https://packagist.org/downloads/",
            "license": [
                "GPL-2.0+"
            ],
            "authors": [
                {
                    "name": "Jeroen De Dauw",
                    "email": "jeroendedauw@gmail.com",
                    "homepage": "http://jeroendedauw.com",
                    "role": "Developer"
                }
            ],
            "description": "Serializers and deserializers for DataValue implementations",
            "homepage": "https://github.com/DataValues/Serialization",
            "keywords": [
                "datavalues",
                "deserializers",
                "serialization",
                "serializers",
                "wikidata"
            ],
            "time": "2014-03-05 12:42:02"
        },
        {
            "name": "data-values/time",
            "version": "0.5.2",
            "source": {
                "type": "git",
                "url": "https://github.com/DataValues/Time.git",
                "reference": "2001ff693c0546ff4154cfa97cc5622487787d25"
            },
            "dist": {
                "type": "zip",
                "url": "https://api.github.com/repos/DataValues/Time/zipball/2001ff693c0546ff4154cfa97cc5622487787d25",
                "reference": "2001ff693c0546ff4154cfa97cc5622487787d25",
                "shasum": ""
            },
            "require": {
                "data-values/common": "~0.2.0",
                "data-values/data-values": "~0.1.0",
                "data-values/interfaces": "~0.1.0",
                "php": ">=5.3.0"
            },
            "type": "library",
            "autoload": {
                "files": [
                    "Time.php"
                ],
                "psr-0": {
                    "DataValues\\": "src",
                    "ValueFormatters\\": "src",
                    "ValueParsers\\": "src"
                }
            },
            "notification-url": "https://packagist.org/downloads/",
            "license": [
                "GPL-2.0+"
            ],
            "authors": [
                {
                    "name": "The Wikidata team",
                    "role": "Developer"
                }
            ],
            "description": "Time value objects, parsers and formatters",
            "homepage": "https://github.com/DataValues/Time",
            "keywords": [
                "datavalues",
                "time",
                "valueformatters",
                "valueparsers",
                "wikidata"
            ],
            "time": "2014-04-28 14:29:56"
        },
        {
            "name": "data-values/validators",
            "version": "0.1.1",
            "source": {
                "type": "git",
                "url": "https://github.com/DataValues/Validators.git",
                "reference": "ad96186364d285e5ea761fcd54530570c80cc6ec"
            },
            "dist": {
                "type": "zip",
                "url": "https://api.github.com/repos/DataValues/Validators/zipball/ad96186364d285e5ea761fcd54530570c80cc6ec",
                "reference": "ad96186364d285e5ea761fcd54530570c80cc6ec",
                "shasum": ""
            },
            "require": {
                "data-values/data-values": "~0.1",
                "data-values/interfaces": "~0.1",
                "php": ">=5.3.0"
            },
            "type": "library",
            "autoload": {
                "files": [
                    "Validators.php"
                ],
                "psr-4": {
                    "ValueValidators\\": "src"
                }
            },
            "notification-url": "https://packagist.org/downloads/",
            "license": [
                "GPL-2.0+"
            ],
            "authors": [
                {
                    "name": "Jeroen De Dauw",
                    "email": "jeroendedauw@gmail.com",
                    "homepage": "http://jeroendedauw.com",
                    "role": "Developer"
                },
                {
                    "name": "The Wikidata team",
                    "role": "Developer"
                }
            ],
            "description": "Common ValueValidator implementations",
            "homepage": "https://github.com/DataValues/Validators",
            "keywords": [
                "datavalues",
                "validation",
                "validators",
                "valueformatters",
                "valueparsers",
                "wikidata"
            ],
            "time": "2014-03-27 03:45:06"
        },
        {
            "name": "data-values/value-view",
            "version": "0.5.1",
            "source": {
                "type": "git",
                "url": "https://github.com/wmde/ValueView.git",
                "reference": "503f06c7b6250ac7397c03b2ba1e5440191b2f9d"
            },
            "dist": {
                "type": "zip",
                "url": "https://api.github.com/repos/wmde/ValueView/zipball/503f06c7b6250ac7397c03b2ba1e5440191b2f9d",
                "reference": "503f06c7b6250ac7397c03b2ba1e5440191b2f9d",
                "shasum": ""
            },
            "require": {
                "data-values/javascript": "~0.5.0",
                "php": ">=5.3.0"
            },
            "type": "mediawiki-extension",
            "autoload": {
                "files": [
                    "ValueView.php"
                ]
            },
            "notification-url": "https://packagist.org/downloads/",
            "license": [
                "GPL-2.0+"
            ],
            "authors": [
                {
                    "name": "Daniel Werner",
                    "email": "danweetz@web.de",
                    "homepage": "https://www.mediawiki.org/wiki/User:Danwe",
                    "role": "Developer"
                },
                {
                    "name": "H. Snater",
                    "email": "mediawiki@snater.com",
                    "homepage": "http://www.snater.com",
                    "role": "Developer"
                }
            ],
            "description": "Provides JS widgets to edit values defined by the DataValues library",
            "homepage": "https://www.mediawiki.org/wiki/Extension:ValueView",
            "time": "2014-04-01 08:05:07"
        },
        {
            "name": "diff/diff",
            "version": "1.0.1",
            "source": {
                "type": "git",
                "url": "https://github.com/wmde/Diff.git",
                "reference": "07f23a7a723bcba69c0b569acefb2f8d8d432c6b"
            },
            "dist": {
                "type": "zip",
                "url": "https://api.github.com/repos/wmde/Diff/zipball/07f23a7a723bcba69c0b569acefb2f8d8d432c6b",
                "reference": "07f23a7a723bcba69c0b569acefb2f8d8d432c6b",
                "shasum": ""
            },
            "require": {
                "php": ">=5.3.0"
            },
            "type": "library",
            "extra": {
                "branch-alias": {
                    "dev-master": "1.0.x-dev"
                }
            },
            "autoload": {
                "files": [
                    "Diff.php"
                ],
                "psr-4": {
                    "Diff\\": "src/"
                }
            },
            "notification-url": "https://packagist.org/downloads/",
            "license": [
                "GPL-2.0+"
            ],
            "authors": [
                {
                    "name": "Jeroen De Dauw",
                    "email": "jeroendedauw@gmail.com",
                    "homepage": "http://jeroendedauw.com",
                    "role": "Developer"
                }
            ],
            "description": "Library for diffing, patching and representing differences between complex objects",
            "homepage": "https://github.com/wmde/Diff",
            "keywords": [
                "diff",
                "diffing",
                "diffop",
                "patching",
                "wikidata"
            ],
            "time": "2014-05-07 16:35:49"
        },
        {
            "name": "serialization/serialization",
            "version": "3.1",
            "source": {
                "type": "git",
                "url": "https://github.com/wmde/Serialization.git",
                "reference": "3cea2bbef70c74db9614e1cc3e149b4a79ff05dd"
            },
            "dist": {
                "type": "zip",
                "url": "https://api.github.com/repos/wmde/Serialization/zipball/3cea2bbef70c74db9614e1cc3e149b4a79ff05dd",
                "reference": "3cea2bbef70c74db9614e1cc3e149b4a79ff05dd",
                "shasum": ""
            },
            "require": {
                "php": ">=5.3.0"
            },
            "type": "library",
            "extra": {
                "branch-alias": {
                    "dev-master": "3.1.x-dev"
                }
            },
            "autoload": {
                "files": [
                    "Serialization.php"
                ],
                "psr-4": {
                    "Deserializers\\": "src/Deserializers/",
                    "Serializers\\": "src/Serializers/"
                }
            },
            "notification-url": "https://packagist.org/downloads/",
            "license": [
                "GPL-2.0+"
            ],
            "authors": [
                {
                    "name": "Jeroen De Dauw",
                    "email": "jeroendedauw@gmail.com",
                    "homepage": "http://jeroendedauw.com",
                    "role": "Developer"
                }
            ],
            "description": "Library defining a Serializer and a Deserializer interface and basic utilities",
            "homepage": "https://github.com/wmde/Serialization",
            "keywords": [
                "deserialization",
                "deserializer",
                "serialization",
                "serializer",
                "unserialization",
                "wikidata"
            ],
            "time": "2014-03-18 18:45:35"
        },
        {
            "name": "wikibase/data-model",
            "version": "0.7.4",
            "source": {
                "type": "git",
                "url": "https://github.com/wmde/WikibaseDataModel.git",
                "reference": "8aa12ed2798aad5190be4e9a9fd307e7afbd3fb8"
            },
            "dist": {
                "type": "zip",
                "url": "https://api.github.com/repos/wmde/WikibaseDataModel/zipball/8aa12ed2798aad5190be4e9a9fd307e7afbd3fb8",
                "reference": "8aa12ed2798aad5190be4e9a9fd307e7afbd3fb8",
                "shasum": ""
            },
            "require": {
                "data-values/data-values": "~0.1.0",
                "data-values/serialization": ">=0.1,<2.0",
                "diff/diff": "~1.0",
                "php": ">=5.3.0"
            },
            "type": "library",
            "extra": {
                "branch-alias": {
                    "dev-master": "0.7.x-dev"
                }
            },
            "autoload": {
                "files": [
                    "WikibaseDataModel.php"
                ],
                "psr-4": {
                    "Wikibase\\DataModel\\": "src/"
                }
            },
            "notification-url": "https://packagist.org/downloads/",
            "license": [
                "GPL-2.0+"
            ],
            "authors": [
                {
                    "name": "Jeroen De Dauw",
                    "email": "jeroendedauw@gmail.com",
                    "homepage": "http://jeroendedauw.com",
                    "role": "Developer"
                }
            ],
            "description": "PHP implementation of the Wikibase DataModel",
            "homepage": "https://github.com/wmde/WikibaseDataModel",
            "keywords": [
                "DataModel",
                "wikibase",
                "wikidata"
            ],
            "time": "2014-04-24 17:40:02"
        },
        {
            "name": "wikibase/easyrdf_lite",
            "version": "0.8.1",
            "source": {
                "type": "git",
                "url": "https://github.com/Wikidata/easyrdf_lite.git",
                "reference": "2f371b9447b7627e23b82cd31ade029659bb438c"
            },
            "dist": {
                "type": "zip",
                "url": "https://api.github.com/repos/Wikidata/easyrdf_lite/zipball/2f371b9447b7627e23b82cd31ade029659bb438c",
                "reference": "2f371b9447b7627e23b82cd31ade029659bb438c",
                "shasum": ""
            },
            "type": "library",
            "autoload": {
                "psr-0": {
                    "EasyRdf_": "./"
                }
            },
            "notification-url": "https://packagist.org/downloads/",
            "license": [
                "BSD"
            ],
            "description": "EasyRdf Lite is a customized version of EasyRdf",
            "homepage": "https://github.com/Wikidata/easyrdf_lite",
            "time": "2014-01-29 22:43:55"
        },
        {
            "name": "wikibase/wikibase",
            "version": "dev-master",
            "source": {
                "type": "git",
                "url": "https://github.com/wikimedia/mediawiki-extensions-Wikibase.git",
                "reference": "b9adc18e76be7e7c4cdc4e1db7ab1e48a555d84a"
            },
            "dist": {
                "type": "zip",
                "url": "https://api.github.com/repos/wikimedia/mediawiki-extensions-Wikibase/zipball/b9adc18e76be7e7c4cdc4e1db7ab1e48a555d84a",
                "reference": "b9adc18e76be7e7c4cdc4e1db7ab1e48a555d84a",
                "shasum": ""
            },
            "require": {
                "data-values/common": "~0.2.0",
                "data-values/data-types": "~0.2.0",
                "data-values/data-values": "~0.1.0",
                "data-values/geo": "~0.1.0",
                "data-values/interfaces": "~0.1.4",
                "data-values/javascript": "~0.5.0",
                "data-values/number": "~0.4.0",
                "data-values/serialization": "~1.0",
                "data-values/time": "~0.5.2",
                "data-values/validators": "~0.1.0",
                "data-values/value-view": "~0.5.0",
                "diff/diff": "~1.0",
                "php": ">=5.3.2",
                "wikibase/data-model": "~0.7.3",
                "wikibase/easyrdf_lite": "~0.8.1"
            },
            "conflict": {
                "mediawiki/mediawiki": "<1.23"
            },
            "type": "mediawiki-extension",
            "autoload": {
                "files": [
                    "Wikibase.composer.php"
                ],
                "classmap": [
                    "client/includes/",
                    "client/WikibaseClient.hooks.php",
                    "client/tests/phpunit/MockPageUpdater.php",
                    "client/tests/phpunit/MockClientStore.php",
                    "client/tests/phpunit/includes/scribunto/WikibaseLuaIntegrationTestItemSetUpHelper.php",
                    "client/tests/phpunit/includes/scribunto/Scribunto_LuaWikibaseLibraryTestCase.php",
                    "lib/includes/",
                    "lib/WikibaseLib.hooks.php",
                    "lib/tests/phpunit/",
                    "repo/includes/",
                    "repo/maintenance/",
                    "repo/tests/phpunit/",
                    "repo/Wikibase.hooks.php"
                ]
            },
            "notification-url": "https://packagist.org/downloads/",
            "license": [
                "GNU GPL v2+"
            ],
            "authors": [
                {
                    "name": "The Wikidata team",
                    "role": "Developer"
                }
            ],
            "description": "Structured data repository for MediaWiki",
            "homepage": "http://wikiba.se",
            "keywords": [
                "wikibase",
                "wikibaseclient",
                "wikibaselib",
                "wikibaserepo",
                "wikidata"
            ],
            "time": "2014-05-11 19:11:05"
        }
    ],
    "packages-dev": [

    ],
    "aliases": [

    ],
    "minimum-stability": "stable",
    "stability-flags": {
        "wikibase/wikibase": 20
    },
    "platform": {
        "php": ">=5.3.0"
    },
    "platform-dev": [

    ]
}
